// !$*UTF8*$!
{
	archiveVersion = 1;
	classes = {
	};
	objectVersion = 50;
	objects = {

/* Begin PBXBuildFile section */
		466D7A663E9119C0F49C70DC /* Pods_noteTests.framework in Frameworks */ = {isa = PBXBuildFile; fileRef = 1352A3CBEB9224AFA06A6B3A /* Pods_noteTests.framework */; };
		590698C220B05F29009F5350 /* Inter-UI-Medium.otf in Resources */ = {isa = PBXBuildFile; fileRef = 590698C120B05D7D009F5350 /* Inter-UI-Medium.otf */; };
		590698CA20B06EDC009F5350 /* Dense-Regular.otf in Resources */ = {isa = PBXBuildFile; fileRef = 590698C920B06CDA009F5350 /* Dense-Regular.otf */; };
		590698D020B17762009F5350 /* WriteSchedulesViewController.swift in Sources */ = {isa = PBXBuildFile; fileRef = 590698CF20B17762009F5350 /* WriteSchedulesViewController.swift */; };
		590698D820B1C91A009F5350 /* DrawView.swift in Sources */ = {isa = PBXBuildFile; fileRef = 590698D720B1C91A009F5350 /* DrawView.swift */; };
		5906BB9E20B42F9B000C18C3 /* realmDataSet.swift in Sources */ = {isa = PBXBuildFile; fileRef = 5906BB9D20B42F9B000C18C3 /* realmDataSet.swift */; };
		5906BBA020BAFF46000C18C3 /* TableViewCell.swift in Sources */ = {isa = PBXBuildFile; fileRef = 5906BB9F20BAFF46000C18C3 /* TableViewCell.swift */; };
		5914491A211E8FF90074D728 /* RootTableViewController.swift in Sources */ = {isa = PBXBuildFile; fileRef = 59144919211E8FF90074D728 /* RootTableViewController.swift */; };
		5914491C211ECBEB0074D728 /* NotificationUIViewController.swift in Sources */ = {isa = PBXBuildFile; fileRef = 5914491B211ECBEB0074D728 /* NotificationUIViewController.swift */; };
		59144922211FC4B20074D728 /* HelpViewController.swift in Sources */ = {isa = PBXBuildFile; fileRef = 59144921211FC4B20074D728 /* HelpViewController.swift */; };
		593103C42147C87B00ACCA8F /* TimeSettingViewController.swift in Sources */ = {isa = PBXBuildFile; fileRef = 593103C32147C87B00ACCA8F /* TimeSettingViewController.swift */; };
		593E7DC521201A60005F403B /* ThemeColorViewController.swift in Sources */ = {isa = PBXBuildFile; fileRef = 593E7DC421201A60005F403B /* ThemeColorViewController.swift */; };
		59471D772165383D0067C36B /* CarouselViewController.swift in Sources */ = {isa = PBXBuildFile; fileRef = 59471D762165383D0067C36B /* CarouselViewController.swift */; };
		59471D7921653FC90067C36B /* PagingPerCellFlowLayout.swift in Sources */ = {isa = PBXBuildFile; fileRef = 59471D7821653FC90067C36B /* PagingPerCellFlowLayout.swift */; };
		5973FC782163747D00E71483 /* pinkBG.png in Resources */ = {isa = PBXBuildFile; fileRef = 5973FC502163747D00E71483 /* pinkBG.png */; };
		5973FC792163747D00E71483 /* blackBG.png in Resources */ = {isa = PBXBuildFile; fileRef = 5973FC512163747D00E71483 /* blackBG.png */; };
		5973FC7A2163747D00E71483 /* purpleBG.png in Resources */ = {isa = PBXBuildFile; fileRef = 5973FC522163747D00E71483 /* purpleBG.png */; };
		5973FC7B2163747D00E71483 /* greenBG.png in Resources */ = {isa = PBXBuildFile; fileRef = 5973FC532163747D00E71483 /* greenBG.png */; };
		5973FC7C2163747D00E71483 /* orangeBG.png in Resources */ = {isa = PBXBuildFile; fileRef = 5973FC542163747D00E71483 /* orangeBG.png */; };
		5973FC7D2163747D00E71483 /* blueBG.png in Resources */ = {isa = PBXBuildFile; fileRef = 5973FC552163747D00E71483 /* blueBG.png */; };
		5973FC7E2163747D00E71483 /* redBG.png in Resources */ = {isa = PBXBuildFile; fileRef = 5973FC562163747D00E71483 /* redBG.png */; };
		5973FC802163747D00E71483 /* bell.png in Resources */ = {isa = PBXBuildFile; fileRef = 5973FC582163747D00E71483 /* bell.png */; };
		5973FC812163747D00E71483 /* tuto4.png in Resources */ = {isa = PBXBuildFile; fileRef = 5973FC5A2163747D00E71483 /* tuto4.png */; };
		5973FC822163747D00E71483 /* tuto1.png in Resources */ = {isa = PBXBuildFile; fileRef = 5973FC5B2163747D00E71483 /* tuto1.png */; };
		5973FC832163747D00E71483 /* tuto3.png in Resources */ = {isa = PBXBuildFile; fileRef = 5973FC5C2163747D00E71483 /* tuto3.png */; };
		5973FC842163747D00E71483 /* tuto2.png in Resources */ = {isa = PBXBuildFile; fileRef = 5973FC5D2163747D00E71483 /* tuto2.png */; };
		5973FC852163747D00E71483 /* cellImg.png in Resources */ = {isa = PBXBuildFile; fileRef = 5973FC5E2163747D00E71483 /* cellImg.png */; };
		5973FC862163747D00E71483 /* cancel.png in Resources */ = {isa = PBXBuildFile; fileRef = 5973FC5F2163747D00E71483 /* cancel.png */; };
		5973FC872163747D00E71483 /* Circle.png in Resources */ = {isa = PBXBuildFile; fileRef = 5973FC602163747D00E71483 /* Circle.png */; };
		5973FC882163747D00E71483 /* pink.png in Resources */ = {isa = PBXBuildFile; fileRef = 5973FC622163747D00E71483 /* pink.png */; };
		5973FC892163747D00E71483 /* blue.png in Resources */ = {isa = PBXBuildFile; fileRef = 5973FC632163747D00E71483 /* blue.png */; };
		5973FC8A2163747D00E71483 /* black.png in Resources */ = {isa = PBXBuildFile; fileRef = 5973FC642163747D00E71483 /* black.png */; };
		5973FC8B2163747D00E71483 /* orange.png in Resources */ = {isa = PBXBuildFile; fileRef = 5973FC652163747D00E71483 /* orange.png */; };
		5973FC8C2163747D00E71483 /* green.png in Resources */ = {isa = PBXBuildFile; fileRef = 5973FC662163747D00E71483 /* green.png */; };
		5973FC8D2163747D00E71483 /* red.png in Resources */ = {isa = PBXBuildFile; fileRef = 5973FC672163747D00E71483 /* red.png */; };
		5973FC8E2163747D00E71483 /* purple.png in Resources */ = {isa = PBXBuildFile; fileRef = 5973FC682163747D00E71483 /* purple.png */; };
		5973FC8F2163747D00E71483 /* Circle2.png in Resources */ = {isa = PBXBuildFile; fileRef = 5973FC692163747D00E71483 /* Circle2.png */; };
		5973FC902163747D00E71483 /* checkMark.png in Resources */ = {isa = PBXBuildFile; fileRef = 5973FC6A2163747D00E71483 /* checkMark.png */; };
		5973FC912163747D00E71483 /* orangeButton.png in Resources */ = {isa = PBXBuildFile; fileRef = 5973FC6C2163747D00E71483 /* orangeButton.png */; };
		5973FC922163747D00E71483 /* blueButton.png in Resources */ = {isa = PBXBuildFile; fileRef = 5973FC6D2163747D00E71483 /* blueButton.png */; };
		5973FC932163747D00E71483 /* redButton.png in Resources */ = {isa = PBXBuildFile; fileRef = 5973FC6E2163747D00E71483 /* redButton.png */; };
		5973FC942163747D00E71483 /* greenButton.png in Resources */ = {isa = PBXBuildFile; fileRef = 5973FC6F2163747D00E71483 /* greenButton.png */; };
		5973FC952163747D00E71483 /* purpleButton.png in Resources */ = {isa = PBXBuildFile; fileRef = 5973FC702163747D00E71483 /* purpleButton.png */; };
		5973FC962163747D00E71483 /* blackButton.png in Resources */ = {isa = PBXBuildFile; fileRef = 5973FC712163747D00E71483 /* blackButton.png */; };
		5973FC972163747D00E71483 /* pinkButton.png in Resources */ = {isa = PBXBuildFile; fileRef = 5973FC722163747D00E71483 /* pinkButton.png */; };
		5973FC982163747D00E71483 /* menu.png in Resources */ = {isa = PBXBuildFile; fileRef = 5973FC732163747D00E71483 /* menu.png */; };
		5973FC992163747D00E71483 /* clock.png in Resources */ = {isa = PBXBuildFile; fileRef = 5973FC742163747D00E71483 /* clock.png */; };
		5973FC9A2163747D00E71483 /* calendarIcon.png in Resources */ = {isa = PBXBuildFile; fileRef = 5973FC752163747D00E71483 /* calendarIcon.png */; };
		5973FC9B2163747D00E71483 /* trash.png in Resources */ = {isa = PBXBuildFile; fileRef = 5973FC762163747D00E71483 /* trash.png */; };
		5973FC9C2163747D00E71483 /* line.png in Resources */ = {isa = PBXBuildFile; fileRef = 5973FC772163747D00E71483 /* line.png */; };
		5973FC9E216519BD00E71483 /* CarouselView.swift in Sources */ = {isa = PBXBuildFile; fileRef = 5973FC9D216519BD00E71483 /* CarouselView.swift */; };
		5973FCA021651A4300E71483 /* CarouselCell.swift in Sources */ = {isa = PBXBuildFile; fileRef = 5973FC9F21651A4300E71483 /* CarouselCell.swift */; };
		5976E84C217DBE340047AB4E /* TutorialViewController.swift in Sources */ = {isa = PBXBuildFile; fileRef = 5976E84B217DBE340047AB4E /* TutorialViewController.swift */; };
		5976E84F217DC2CD0047AB4E /* FirstViewController.swift in Sources */ = {isa = PBXBuildFile; fileRef = 5976E84E217DC2CD0047AB4E /* FirstViewController.swift */; };
		5976E851217DC2DC0047AB4E /* SecondViewController.swift in Sources */ = {isa = PBXBuildFile; fileRef = 5976E850217DC2DC0047AB4E /* SecondViewController.swift */; };
		5976E853217DC2E50047AB4E /* ThirdViewController.swift in Sources */ = {isa = PBXBuildFile; fileRef = 5976E852217DC2E50047AB4E /* ThirdViewController.swift */; };
		5976E855217DC2F60047AB4E /* FourthViewController.swift in Sources */ = {isa = PBXBuildFile; fileRef = 5976E854217DC2F60047AB4E /* FourthViewController.swift */; };
		59838570214D5D38000F18E5 /* HowToUseViewController.swift in Sources */ = {isa = PBXBuildFile; fileRef = 5983856F214D5D38000F18E5 /* HowToUseViewController.swift */; };
		5983861321510DEC000F18E5 /* BaseTutoViewController.swift in Sources */ = {isa = PBXBuildFile; fileRef = 5983861221510DEC000F18E5 /* BaseTutoViewController.swift */; };
		59D2CAC72170E0840093D95E /* icon.png in Resources */ = {isa = PBXBuildFile; fileRef = 59D2CAC62170E0840093D95E /* icon.png */; };
		59D2F7AC20AAE2EB00C3B2BC /* AppDelegate.swift in Sources */ = {isa = PBXBuildFile; fileRef = 59D2F7AB20AAE2EB00C3B2BC /* AppDelegate.swift */; };
		59D2F7AE20AAE2EB00C3B2BC /* ViewController.swift in Sources */ = {isa = PBXBuildFile; fileRef = 59D2F7AD20AAE2EB00C3B2BC /* ViewController.swift */; };
		59D2F7B120AAE2EB00C3B2BC /* Main.storyboard in Resources */ = {isa = PBXBuildFile; fileRef = 59D2F7AF20AAE2EB00C3B2BC /* Main.storyboard */; };
		59D2F7B320AAE2EE00C3B2BC /* Assets.xcassets in Resources */ = {isa = PBXBuildFile; fileRef = 59D2F7B220AAE2EE00C3B2BC /* Assets.xcassets */; };
		59D2F7B620AAE2EE00C3B2BC /* LaunchScreen.storyboard in Resources */ = {isa = PBXBuildFile; fileRef = 59D2F7B420AAE2EE00C3B2BC /* LaunchScreen.storyboard */; };
		59D2F7C120AAE2EE00C3B2BC /* noteTests.swift in Sources */ = {isa = PBXBuildFile; fileRef = 59D2F7C020AAE2EE00C3B2BC /* noteTests.swift */; };
		59D2F7CC20AAE2EE00C3B2BC /* noteUITests.swift in Sources */ = {isa = PBXBuildFile; fileRef = 59D2F7CB20AAE2EE00C3B2BC /* noteUITests.swift */; };
		59D2F7E020AAF78000C3B2BC /* CustomCell.swift in Sources */ = {isa = PBXBuildFile; fileRef = 59D2F7DF20AAF78000C3B2BC /* CustomCell.swift */; };
		C8A7389232C021664F8CB2D6 /* Pods_noteUITests.framework in Frameworks */ = {isa = PBXBuildFile; fileRef = D01AD6C24D3867292E07E92A /* Pods_noteUITests.framework */; };
		CA15C4C40DAF08E110EEFE09 /* Pods_note.framework in Frameworks */ = {isa = PBXBuildFile; fileRef = 06FB6ACBADC9B29C56054DAF /* Pods_note.framework */; };
/* End PBXBuildFile section */

/* Begin PBXContainerItemProxy section */
		59D2F7BD20AAE2EE00C3B2BC /* PBXContainerItemProxy */ = {
			isa = PBXContainerItemProxy;
			containerPortal = 59D2F7A020AAE2EB00C3B2BC /* Project object */;
			proxyType = 1;
			remoteGlobalIDString = 59D2F7A720AAE2EB00C3B2BC;
			remoteInfo = note;
		};
		59D2F7C820AAE2EE00C3B2BC /* PBXContainerItemProxy */ = {
			isa = PBXContainerItemProxy;
			containerPortal = 59D2F7A020AAE2EB00C3B2BC /* Project object */;
			proxyType = 1;
			remoteGlobalIDString = 59D2F7A720AAE2EB00C3B2BC;
			remoteInfo = note;
		};
/* End PBXContainerItemProxy section */

/* Begin PBXCopyFilesBuildPhase section */
		59A638A920FDBC8E002EBB82 /* Embed App Extensions */ = {
			isa = PBXCopyFilesBuildPhase;
			buildActionMask = 2147483647;
			dstPath = "";
			dstSubfolderSpec = 13;
			files = (
			);
			name = "Embed App Extensions";
			runOnlyForDeploymentPostprocessing = 0;
		};
/* End PBXCopyFilesBuildPhase section */

/* Begin PBXFileReference section */
		03DDEE85829E96BC6566C3AF /* Pods-note.debug.xcconfig */ = {isa = PBXFileReference; includeInIndex = 1; lastKnownFileType = text.xcconfig; name = "Pods-note.debug.xcconfig"; path = "Pods/Target Support Files/Pods-note/Pods-note.debug.xcconfig"; sourceTree = "<group>"; };
		06FB6ACBADC9B29C56054DAF /* Pods_note.framework */ = {isa = PBXFileReference; explicitFileType = wrapper.framework; includeInIndex = 0; path = Pods_note.framework; sourceTree = BUILT_PRODUCTS_DIR; };
		1352A3CBEB9224AFA06A6B3A /* Pods_noteTests.framework */ = {isa = PBXFileReference; explicitFileType = wrapper.framework; includeInIndex = 0; path = Pods_noteTests.framework; sourceTree = BUILT_PRODUCTS_DIR; };
		148E88839D60DCF71666F663 /* Pods-noteTests.release.xcconfig */ = {isa = PBXFileReference; includeInIndex = 1; lastKnownFileType = text.xcconfig; name = "Pods-noteTests.release.xcconfig"; path = "Pods/Target Support Files/Pods-noteTests/Pods-noteTests.release.xcconfig"; sourceTree = "<group>"; };
		4126C59D8808EDF3AA995711 /* Pods-noteUITests.release.xcconfig */ = {isa = PBXFileReference; includeInIndex = 1; lastKnownFileType = text.xcconfig; name = "Pods-noteUITests.release.xcconfig"; path = "Pods/Target Support Files/Pods-noteUITests/Pods-noteUITests.release.xcconfig"; sourceTree = "<group>"; };
		590698C120B05D7D009F5350 /* Inter-UI-Medium.otf */ = {isa = PBXFileReference; lastKnownFileType = file; path = "Inter-UI-Medium.otf"; sourceTree = "<group>"; };
		590698C920B06CDA009F5350 /* Dense-Regular.otf */ = {isa = PBXFileReference; lastKnownFileType = file; path = "Dense-Regular.otf"; sourceTree = "<group>"; };
		590698CF20B17762009F5350 /* WriteSchedulesViewController.swift */ = {isa = PBXFileReference; lastKnownFileType = sourcecode.swift; path = WriteSchedulesViewController.swift; sourceTree = "<group>"; };
		590698D720B1C91A009F5350 /* DrawView.swift */ = {isa = PBXFileReference; lastKnownFileType = sourcecode.swift; path = DrawView.swift; sourceTree = "<group>"; };
		5906BB9D20B42F9B000C18C3 /* realmDataSet.swift */ = {isa = PBXFileReference; lastKnownFileType = sourcecode.swift; path = realmDataSet.swift; sourceTree = "<group>"; };
		5906BB9F20BAFF46000C18C3 /* TableViewCell.swift */ = {isa = PBXFileReference; lastKnownFileType = sourcecode.swift; path = TableViewCell.swift; sourceTree = "<group>"; };
		59144919211E8FF90074D728 /* RootTableViewController.swift */ = {isa = PBXFileReference; lastKnownFileType = sourcecode.swift; path = RootTableViewController.swift; sourceTree = "<group>"; };
		5914491B211ECBEB0074D728 /* NotificationUIViewController.swift */ = {isa = PBXFileReference; lastKnownFileType = sourcecode.swift; path = NotificationUIViewController.swift; sourceTree = "<group>"; };
		59144921211FC4B20074D728 /* HelpViewController.swift */ = {isa = PBXFileReference; lastKnownFileType = sourcecode.swift; path = HelpViewController.swift; sourceTree = "<group>"; };
		593103C32147C87B00ACCA8F /* TimeSettingViewController.swift */ = {isa = PBXFileReference; lastKnownFileType = sourcecode.swift; path = TimeSettingViewController.swift; sourceTree = "<group>"; };
		593E7DC421201A60005F403B /* ThemeColorViewController.swift */ = {isa = PBXFileReference; lastKnownFileType = sourcecode.swift; path = ThemeColorViewController.swift; sourceTree = "<group>"; };
		59471D762165383D0067C36B /* CarouselViewController.swift */ = {isa = PBXFileReference; lastKnownFileType = sourcecode.swift; path = CarouselViewController.swift; sourceTree = "<group>"; };
		59471D7821653FC90067C36B /* PagingPerCellFlowLayout.swift */ = {isa = PBXFileReference; lastKnownFileType = sourcecode.swift; path = PagingPerCellFlowLayout.swift; sourceTree = "<group>"; };
		5973FC502163747D00E71483 /* pinkBG.png */ = {isa = PBXFileReference; lastKnownFileType = image.png; path = pinkBG.png; sourceTree = "<group>"; };
		5973FC512163747D00E71483 /* blackBG.png */ = {isa = PBXFileReference; lastKnownFileType = image.png; path = blackBG.png; sourceTree = "<group>"; };
		5973FC522163747D00E71483 /* purpleBG.png */ = {isa = PBXFileReference; lastKnownFileType = image.png; path = purpleBG.png; sourceTree = "<group>"; };
		5973FC532163747D00E71483 /* greenBG.png */ = {isa = PBXFileReference; lastKnownFileType = image.png; path = greenBG.png; sourceTree = "<group>"; };
		5973FC542163747D00E71483 /* orangeBG.png */ = {isa = PBXFileReference; lastKnownFileType = image.png; path = orangeBG.png; sourceTree = "<group>"; };
		5973FC552163747D00E71483 /* blueBG.png */ = {isa = PBXFileReference; lastKnownFileType = image.png; path = blueBG.png; sourceTree = "<group>"; };
		5973FC562163747D00E71483 /* redBG.png */ = {isa = PBXFileReference; lastKnownFileType = image.png; path = redBG.png; sourceTree = "<group>"; };
		5973FC582163747D00E71483 /* bell.png */ = {isa = PBXFileReference; lastKnownFileType = image.png; path = bell.png; sourceTree = "<group>"; };
		5973FC5A2163747D00E71483 /* tuto4.png */ = {isa = PBXFileReference; lastKnownFileType = image.png; path = tuto4.png; sourceTree = "<group>"; };
		5973FC5B2163747D00E71483 /* tuto1.png */ = {isa = PBXFileReference; lastKnownFileType = image.png; path = tuto1.png; sourceTree = "<group>"; };
		5973FC5C2163747D00E71483 /* tuto3.png */ = {isa = PBXFileReference; lastKnownFileType = image.png; path = tuto3.png; sourceTree = "<group>"; };
		5973FC5D2163747D00E71483 /* tuto2.png */ = {isa = PBXFileReference; lastKnownFileType = image.png; path = tuto2.png; sourceTree = "<group>"; };
		5973FC5E2163747D00E71483 /* cellImg.png */ = {isa = PBXFileReference; lastKnownFileType = image.png; path = cellImg.png; sourceTree = "<group>"; };
		5973FC5F2163747D00E71483 /* cancel.png */ = {isa = PBXFileReference; lastKnownFileType = image.png; path = cancel.png; sourceTree = "<group>"; };
		5973FC602163747D00E71483 /* Circle.png */ = {isa = PBXFileReference; lastKnownFileType = image.png; path = Circle.png; sourceTree = "<group>"; };
		5973FC622163747D00E71483 /* pink.png */ = {isa = PBXFileReference; lastKnownFileType = image.png; path = pink.png; sourceTree = "<group>"; };
		5973FC632163747D00E71483 /* blue.png */ = {isa = PBXFileReference; lastKnownFileType = image.png; path = blue.png; sourceTree = "<group>"; };
		5973FC642163747D00E71483 /* black.png */ = {isa = PBXFileReference; lastKnownFileType = image.png; path = black.png; sourceTree = "<group>"; };
		5973FC652163747D00E71483 /* orange.png */ = {isa = PBXFileReference; lastKnownFileType = image.png; path = orange.png; sourceTree = "<group>"; };
		5973FC662163747D00E71483 /* green.png */ = {isa = PBXFileReference; lastKnownFileType = image.png; path = green.png; sourceTree = "<group>"; };
		5973FC672163747D00E71483 /* red.png */ = {isa = PBXFileReference; lastKnownFileType = image.png; path = red.png; sourceTree = "<group>"; };
		5973FC682163747D00E71483 /* purple.png */ = {isa = PBXFileReference; lastKnownFileType = image.png; path = purple.png; sourceTree = "<group>"; };
		5973FC692163747D00E71483 /* Circle2.png */ = {isa = PBXFileReference; lastKnownFileType = image.png; path = Circle2.png; sourceTree = "<group>"; };
		5973FC6A2163747D00E71483 /* checkMark.png */ = {isa = PBXFileReference; lastKnownFileType = image.png; path = checkMark.png; sourceTree = "<group>"; };
		5973FC6C2163747D00E71483 /* orangeButton.png */ = {isa = PBXFileReference; lastKnownFileType = image.png; path = orangeButton.png; sourceTree = "<group>"; };
		5973FC6D2163747D00E71483 /* blueButton.png */ = {isa = PBXFileReference; lastKnownFileType = image.png; path = blueButton.png; sourceTree = "<group>"; };
		5973FC6E2163747D00E71483 /* redButton.png */ = {isa = PBXFileReference; lastKnownFileType = image.png; path = redButton.png; sourceTree = "<group>"; };
		5973FC6F2163747D00E71483 /* greenButton.png */ = {isa = PBXFileReference; lastKnownFileType = image.png; path = greenButton.png; sourceTree = "<group>"; };
		5973FC702163747D00E71483 /* purpleButton.png */ = {isa = PBXFileReference; lastKnownFileType = image.png; path = purpleButton.png; sourceTree = "<group>"; };
		5973FC712163747D00E71483 /* blackButton.png */ = {isa = PBXFileReference; lastKnownFileType = image.png; path = blackButton.png; sourceTree = "<group>"; };
		5973FC722163747D00E71483 /* pinkButton.png */ = {isa = PBXFileReference; lastKnownFileType = image.png; path = pinkButton.png; sourceTree = "<group>"; };
		5973FC732163747D00E71483 /* menu.png */ = {isa = PBXFileReference; lastKnownFileType = image.png; path = menu.png; sourceTree = "<group>"; };
		5973FC742163747D00E71483 /* clock.png */ = {isa = PBXFileReference; lastKnownFileType = image.png; path = clock.png; sourceTree = "<group>"; };
		5973FC752163747D00E71483 /* calendarIcon.png */ = {isa = PBXFileReference; lastKnownFileType = image.png; path = calendarIcon.png; sourceTree = "<group>"; };
		5973FC762163747D00E71483 /* trash.png */ = {isa = PBXFileReference; lastKnownFileType = image.png; path = trash.png; sourceTree = "<group>"; };
		5973FC772163747D00E71483 /* line.png */ = {isa = PBXFileReference; lastKnownFileType = image.png; path = line.png; sourceTree = "<group>"; };
		5973FC9D216519BD00E71483 /* CarouselView.swift */ = {isa = PBXFileReference; lastKnownFileType = sourcecode.swift; path = CarouselView.swift; sourceTree = "<group>"; };
		5973FC9F21651A4300E71483 /* CarouselCell.swift */ = {isa = PBXFileReference; lastKnownFileType = sourcecode.swift; path = CarouselCell.swift; sourceTree = "<group>"; };
		5976E84B217DBE340047AB4E /* TutorialViewController.swift */ = {isa = PBXFileReference; lastKnownFileType = sourcecode.swift; path = TutorialViewController.swift; sourceTree = "<group>"; };
		5976E84E217DC2CD0047AB4E /* FirstViewController.swift */ = {isa = PBXFileReference; lastKnownFileType = sourcecode.swift; path = FirstViewController.swift; sourceTree = "<group>"; };
		5976E850217DC2DC0047AB4E /* SecondViewController.swift */ = {isa = PBXFileReference; lastKnownFileType = sourcecode.swift; path = SecondViewController.swift; sourceTree = "<group>"; };
		5976E852217DC2E50047AB4E /* ThirdViewController.swift */ = {isa = PBXFileReference; lastKnownFileType = sourcecode.swift; path = ThirdViewController.swift; sourceTree = "<group>"; };
		5976E854217DC2F60047AB4E /* FourthViewController.swift */ = {isa = PBXFileReference; lastKnownFileType = sourcecode.swift; path = FourthViewController.swift; sourceTree = "<group>"; };
		5983856F214D5D38000F18E5 /* HowToUseViewController.swift */ = {isa = PBXFileReference; lastKnownFileType = sourcecode.swift; path = HowToUseViewController.swift; sourceTree = "<group>"; };
		5983861221510DEC000F18E5 /* BaseTutoViewController.swift */ = {isa = PBXFileReference; lastKnownFileType = sourcecode.swift; path = BaseTutoViewController.swift; sourceTree = "<group>"; };
		59A6389A20FDBC8E002EBB82 /* NotificationCenter.framework */ = {isa = PBXFileReference; lastKnownFileType = wrapper.framework; name = NotificationCenter.framework; path = System/Library/Frameworks/NotificationCenter.framework; sourceTree = SDKROOT; };
		59A638AA20FDE247002EBB82 /* note.entitlements */ = {isa = PBXFileReference; lastKnownFileType = text.plist.entitlements; path = note.entitlements; sourceTree = "<group>"; };
		59D2CAC62170E0840093D95E /* icon.png */ = {isa = PBXFileReference; lastKnownFileType = image.png; path = icon.png; sourceTree = "<group>"; };
		59D2F7A820AAE2EB00C3B2BC /* SPEEDAY.app */ = {isa = PBXFileReference; explicitFileType = wrapper.application; includeInIndex = 0; path = SPEEDAY.app; sourceTree = BUILT_PRODUCTS_DIR; };
		59D2F7AB20AAE2EB00C3B2BC /* AppDelegate.swift */ = {isa = PBXFileReference; lastKnownFileType = sourcecode.swift; path = AppDelegate.swift; sourceTree = "<group>"; };
		59D2F7AD20AAE2EB00C3B2BC /* ViewController.swift */ = {isa = PBXFileReference; lastKnownFileType = sourcecode.swift; path = ViewController.swift; sourceTree = "<group>"; };
		59D2F7B020AAE2EB00C3B2BC /* Base */ = {isa = PBXFileReference; lastKnownFileType = file.storyboard; name = Base; path = Base.lproj/Main.storyboard; sourceTree = "<group>"; };
		59D2F7B220AAE2EE00C3B2BC /* Assets.xcassets */ = {isa = PBXFileReference; lastKnownFileType = folder.assetcatalog; path = Assets.xcassets; sourceTree = "<group>"; };
		59D2F7B520AAE2EE00C3B2BC /* Base */ = {isa = PBXFileReference; lastKnownFileType = file.storyboard; name = Base; path = Base.lproj/LaunchScreen.storyboard; sourceTree = "<group>"; };
		59D2F7B720AAE2EE00C3B2BC /* Info.plist */ = {isa = PBXFileReference; lastKnownFileType = text.plist.xml; path = Info.plist; sourceTree = "<group>"; };
		59D2F7BC20AAE2EE00C3B2BC /* noteTests.xctest */ = {isa = PBXFileReference; explicitFileType = wrapper.cfbundle; includeInIndex = 0; path = noteTests.xctest; sourceTree = BUILT_PRODUCTS_DIR; };
		59D2F7C020AAE2EE00C3B2BC /* noteTests.swift */ = {isa = PBXFileReference; lastKnownFileType = sourcecode.swift; path = noteTests.swift; sourceTree = "<group>"; };
		59D2F7C220AAE2EE00C3B2BC /* Info.plist */ = {isa = PBXFileReference; lastKnownFileType = text.plist.xml; path = Info.plist; sourceTree = "<group>"; };
		59D2F7C720AAE2EE00C3B2BC /* noteUITests.xctest */ = {isa = PBXFileReference; explicitFileType = wrapper.cfbundle; includeInIndex = 0; path = noteUITests.xctest; sourceTree = BUILT_PRODUCTS_DIR; };
		59D2F7CB20AAE2EE00C3B2BC /* noteUITests.swift */ = {isa = PBXFileReference; lastKnownFileType = sourcecode.swift; path = noteUITests.swift; sourceTree = "<group>"; };
		59D2F7CD20AAE2EE00C3B2BC /* Info.plist */ = {isa = PBXFileReference; lastKnownFileType = text.plist.xml; path = Info.plist; sourceTree = "<group>"; };
		59D2F7DF20AAF78000C3B2BC /* CustomCell.swift */ = {isa = PBXFileReference; lastKnownFileType = sourcecode.swift; path = CustomCell.swift; sourceTree = "<group>"; };
		6B0530FBD357C5DB17B638C6 /* Pods-noteTests.debug.xcconfig */ = {isa = PBXFileReference; includeInIndex = 1; lastKnownFileType = text.xcconfig; name = "Pods-noteTests.debug.xcconfig"; path = "Pods/Target Support Files/Pods-noteTests/Pods-noteTests.debug.xcconfig"; sourceTree = "<group>"; };
		CBA34D7E99D79B8D18D1C2FF /* Pods-note.release.xcconfig */ = {isa = PBXFileReference; includeInIndex = 1; lastKnownFileType = text.xcconfig; name = "Pods-note.release.xcconfig"; path = "Pods/Target Support Files/Pods-note/Pods-note.release.xcconfig"; sourceTree = "<group>"; };
		D01AD6C24D3867292E07E92A /* Pods_noteUITests.framework */ = {isa = PBXFileReference; explicitFileType = wrapper.framework; includeInIndex = 0; path = Pods_noteUITests.framework; sourceTree = BUILT_PRODUCTS_DIR; };
		DCFFE6F02391D14B49707455 /* Pods-noteUITests.debug.xcconfig */ = {isa = PBXFileReference; includeInIndex = 1; lastKnownFileType = text.xcconfig; name = "Pods-noteUITests.debug.xcconfig"; path = "Pods/Target Support Files/Pods-noteUITests/Pods-noteUITests.debug.xcconfig"; sourceTree = "<group>"; };
/* End PBXFileReference section */

/* Begin PBXFrameworksBuildPhase section */
		59D2F7A520AAE2EB00C3B2BC /* Frameworks */ = {
			isa = PBXFrameworksBuildPhase;
			buildActionMask = 2147483647;
			files = (
				CA15C4C40DAF08E110EEFE09 /* Pods_note.framework in Frameworks */,
			);
			runOnlyForDeploymentPostprocessing = 0;
		};
		59D2F7B920AAE2EE00C3B2BC /* Frameworks */ = {
			isa = PBXFrameworksBuildPhase;
			buildActionMask = 2147483647;
			files = (
				466D7A663E9119C0F49C70DC /* Pods_noteTests.framework in Frameworks */,
			);
			runOnlyForDeploymentPostprocessing = 0;
		};
		59D2F7C420AAE2EE00C3B2BC /* Frameworks */ = {
			isa = PBXFrameworksBuildPhase;
			buildActionMask = 2147483647;
			files = (
				C8A7389232C021664F8CB2D6 /* Pods_noteUITests.framework in Frameworks */,
			);
			runOnlyForDeploymentPostprocessing = 0;
		};
/* End PBXFrameworksBuildPhase section */

/* Begin PBXGroup section */
		5914495D211FE1A50074D728 /* menu */ = {
			isa = PBXGroup;
			children = (
				5914491B211ECBEB0074D728 /* NotificationUIViewController.swift */,
				59144921211FC4B20074D728 /* HelpViewController.swift */,
				593E7DC421201A60005F403B /* ThemeColorViewController.swift */,
				593103C32147C87B00ACCA8F /* TimeSettingViewController.swift */,
				5983856F214D5D38000F18E5 /* HowToUseViewController.swift */,
			);
			path = menu;
			sourceTree = "<group>";
		};
		59471D7A216570F10067C36B /* carousel */ = {
			isa = PBXGroup;
			children = (
				5973FC9D216519BD00E71483 /* CarouselView.swift */,
				5973FC9F21651A4300E71483 /* CarouselCell.swift */,
				59471D762165383D0067C36B /* CarouselViewController.swift */,
				59471D7821653FC90067C36B /* PagingPerCellFlowLayout.swift */,
			);
			path = carousel;
			sourceTree = "<group>";
		};
		5973FC4E2163747D00E71483 /* images */ = {
			isa = PBXGroup;
			children = (
				5973FC4F2163747D00E71483 /* background */,
				5973FC582163747D00E71483 /* bell.png */,
				59D2CAC62170E0840093D95E /* icon.png */,
				5973FC592163747D00E71483 /* tutorial */,
				5973FC5E2163747D00E71483 /* cellImg.png */,
				5973FC5F2163747D00E71483 /* cancel.png */,
				5973FC602163747D00E71483 /* Circle.png */,
				5973FC612163747D00E71483 /* colorCell */,
				5973FC692163747D00E71483 /* Circle2.png */,
				5973FC6A2163747D00E71483 /* checkMark.png */,
				5973FC6B2163747D00E71483 /* buttonImg */,
				5973FC732163747D00E71483 /* menu.png */,
				5973FC742163747D00E71483 /* clock.png */,
				5973FC752163747D00E71483 /* calendarIcon.png */,
				5973FC762163747D00E71483 /* trash.png */,
				5973FC772163747D00E71483 /* line.png */,
			);
			path = images;
			sourceTree = "<group>";
		};
		5973FC4F2163747D00E71483 /* background */ = {
			isa = PBXGroup;
			children = (
				5973FC502163747D00E71483 /* pinkBG.png */,
				5973FC512163747D00E71483 /* blackBG.png */,
				5973FC522163747D00E71483 /* purpleBG.png */,
				5973FC532163747D00E71483 /* greenBG.png */,
				5973FC542163747D00E71483 /* orangeBG.png */,
				5973FC552163747D00E71483 /* blueBG.png */,
				5973FC562163747D00E71483 /* redBG.png */,
			);
			path = background;
			sourceTree = "<group>";
		};
		5973FC592163747D00E71483 /* tutorial */ = {
			isa = PBXGroup;
			children = (
				5973FC5A2163747D00E71483 /* tuto4.png */,
				5973FC5B2163747D00E71483 /* tuto1.png */,
				5973FC5C2163747D00E71483 /* tuto3.png */,
				5973FC5D2163747D00E71483 /* tuto2.png */,
			);
			path = tutorial;
			sourceTree = "<group>";
		};
		5973FC612163747D00E71483 /* colorCell */ = {
			isa = PBXGroup;
			children = (
				5973FC622163747D00E71483 /* pink.png */,
				5973FC632163747D00E71483 /* blue.png */,
				5973FC642163747D00E71483 /* black.png */,
				5973FC652163747D00E71483 /* orange.png */,
				5973FC662163747D00E71483 /* green.png */,
				5973FC672163747D00E71483 /* red.png */,
				5973FC682163747D00E71483 /* purple.png */,
			);
			path = colorCell;
			sourceTree = "<group>";
		};
		5973FC6B2163747D00E71483 /* buttonImg */ = {
			isa = PBXGroup;
			children = (
				5973FC6C2163747D00E71483 /* orangeButton.png */,
				5973FC6D2163747D00E71483 /* blueButton.png */,
				5973FC6E2163747D00E71483 /* redButton.png */,
				5973FC6F2163747D00E71483 /* greenButton.png */,
				5973FC702163747D00E71483 /* purpleButton.png */,
				5973FC712163747D00E71483 /* blackButton.png */,
				5973FC722163747D00E71483 /* pinkButton.png */,
			);
			path = buttonImg;
			sourceTree = "<group>";
		};
		5976E84D217DC13C0047AB4E /* Tutorial */ = {
			isa = PBXGroup;
			children = (
				5976E84B217DBE340047AB4E /* TutorialViewController.swift */,
				5983861221510DEC000F18E5 /* BaseTutoViewController.swift */,
				5976E84E217DC2CD0047AB4E /* FirstViewController.swift */,
				5976E850217DC2DC0047AB4E /* SecondViewController.swift */,
				5976E852217DC2E50047AB4E /* ThirdViewController.swift */,
				5976E854217DC2F60047AB4E /* FourthViewController.swift */,
			);
			path = Tutorial;
			sourceTree = "<group>";
		};
		59D2F79F20AAE2EB00C3B2BC = {
			isa = PBXGroup;
			children = (
				59D2F7AA20AAE2EB00C3B2BC /* note */,
				59D2F7BF20AAE2EE00C3B2BC /* noteTests */,
				59D2F7CA20AAE2EE00C3B2BC /* noteUITests */,
				59D2F7A920AAE2EB00C3B2BC /* Products */,
				7321F8EBAB067C2480321361 /* Frameworks */,
				A5488FFCA984F9EEB9C5C2C8 /* Pods */,
			);
			sourceTree = "<group>";
		};
		59D2F7A920AAE2EB00C3B2BC /* Products */ = {
			isa = PBXGroup;
			children = (
				59D2F7A820AAE2EB00C3B2BC /* SPEEDAY.app */,
				59D2F7BC20AAE2EE00C3B2BC /* noteTests.xctest */,
				59D2F7C720AAE2EE00C3B2BC /* noteUITests.xctest */,
			);
			name = Products;
			sourceTree = "<group>";
		};
		59D2F7AA20AAE2EB00C3B2BC /* note */ = {
			isa = PBXGroup;
			children = (
				5973FC4E2163747D00E71483 /* images */,
				59A638AA20FDE247002EBB82 /* note.entitlements */,
				59D2F7AB20AAE2EB00C3B2BC /* AppDelegate.swift */,
				5906BB9D20B42F9B000C18C3 /* realmDataSet.swift */,
				5906BB9F20BAFF46000C18C3 /* TableViewCell.swift */,
				59D2F7DF20AAF78000C3B2BC /* CustomCell.swift */,
				590698D720B1C91A009F5350 /* DrawView.swift */,
				590698CF20B17762009F5350 /* WriteSchedulesViewController.swift */,
				59144919211E8FF90074D728 /* RootTableViewController.swift */,
				59D2F7AD20AAE2EB00C3B2BC /* ViewController.swift */,
				5976E84D217DC13C0047AB4E /* Tutorial */,
				5914495D211FE1A50074D728 /* menu */,
				59D2F7AF20AAE2EB00C3B2BC /* Main.storyboard */,
				59D2F7B220AAE2EE00C3B2BC /* Assets.xcassets */,
				59D2F7B420AAE2EE00C3B2BC /* LaunchScreen.storyboard */,
				59D2F7B720AAE2EE00C3B2BC /* Info.plist */,
				590698C920B06CDA009F5350 /* Dense-Regular.otf */,
				590698C120B05D7D009F5350 /* Inter-UI-Medium.otf */,
				59471D7A216570F10067C36B /* carousel */,
			);
			path = note;
			sourceTree = "<group>";
		};
		59D2F7BF20AAE2EE00C3B2BC /* noteTests */ = {
			isa = PBXGroup;
			children = (
				59D2F7C020AAE2EE00C3B2BC /* noteTests.swift */,
				59D2F7C220AAE2EE00C3B2BC /* Info.plist */,
			);
			path = noteTests;
			sourceTree = "<group>";
		};
		59D2F7CA20AAE2EE00C3B2BC /* noteUITests */ = {
			isa = PBXGroup;
			children = (
				59D2F7CB20AAE2EE00C3B2BC /* noteUITests.swift */,
				59D2F7CD20AAE2EE00C3B2BC /* Info.plist */,
			);
			path = noteUITests;
			sourceTree = "<group>";
		};
		7321F8EBAB067C2480321361 /* Frameworks */ = {
			isa = PBXGroup;
			children = (
				59A6389A20FDBC8E002EBB82 /* NotificationCenter.framework */,
				06FB6ACBADC9B29C56054DAF /* Pods_note.framework */,
				1352A3CBEB9224AFA06A6B3A /* Pods_noteTests.framework */,
				D01AD6C24D3867292E07E92A /* Pods_noteUITests.framework */,
			);
			name = Frameworks;
			sourceTree = "<group>";
		};
		A5488FFCA984F9EEB9C5C2C8 /* Pods */ = {
			isa = PBXGroup;
			children = (
				03DDEE85829E96BC6566C3AF /* Pods-note.debug.xcconfig */,
				CBA34D7E99D79B8D18D1C2FF /* Pods-note.release.xcconfig */,
				6B0530FBD357C5DB17B638C6 /* Pods-noteTests.debug.xcconfig */,
				148E88839D60DCF71666F663 /* Pods-noteTests.release.xcconfig */,
				DCFFE6F02391D14B49707455 /* Pods-noteUITests.debug.xcconfig */,
				4126C59D8808EDF3AA995711 /* Pods-noteUITests.release.xcconfig */,
			);
			name = Pods;
			sourceTree = "<group>";
		};
/* End PBXGroup section */

/* Begin PBXNativeTarget section */
		59D2F7A720AAE2EB00C3B2BC /* note */ = {
			isa = PBXNativeTarget;
			buildConfigurationList = 59D2F7D020AAE2EE00C3B2BC /* Build configuration list for PBXNativeTarget "note" */;
			buildPhases = (
				DC20A7BC662C8E0CC1A3F3AC /* [CP] Check Pods Manifest.lock */,
				59D2F7A420AAE2EB00C3B2BC /* Sources */,
				59D2F7A520AAE2EB00C3B2BC /* Frameworks */,
				59D2F7A620AAE2EB00C3B2BC /* Resources */,
				59A638A920FDBC8E002EBB82 /* Embed App Extensions */,
				7309BE0C30BCC9CF80B4AE34 /* [CP] Embed Pods Frameworks */,
			);
			buildRules = (
			);
			dependencies = (
			);
			name = note;
			productName = note;
			productReference = 59D2F7A820AAE2EB00C3B2BC /* SPEEDAY.app */;
			productType = "com.apple.product-type.application";
		};
		59D2F7BB20AAE2EE00C3B2BC /* noteTests */ = {
			isa = PBXNativeTarget;
			buildConfigurationList = 59D2F7D320AAE2EE00C3B2BC /* Build configuration list for PBXNativeTarget "noteTests" */;
			buildPhases = (
				906DDBFD7EC56628E047D320 /* [CP] Check Pods Manifest.lock */,
				59D2F7B820AAE2EE00C3B2BC /* Sources */,
				59D2F7B920AAE2EE00C3B2BC /* Frameworks */,
				59D2F7BA20AAE2EE00C3B2BC /* Resources */,
			);
			buildRules = (
			);
			dependencies = (
				59D2F7BE20AAE2EE00C3B2BC /* PBXTargetDependency */,
			);
			name = noteTests;
			productName = noteTests;
			productReference = 59D2F7BC20AAE2EE00C3B2BC /* noteTests.xctest */;
			productType = "com.apple.product-type.bundle.unit-test";
		};
		59D2F7C620AAE2EE00C3B2BC /* noteUITests */ = {
			isa = PBXNativeTarget;
			buildConfigurationList = 59D2F7D620AAE2EE00C3B2BC /* Build configuration list for PBXNativeTarget "noteUITests" */;
			buildPhases = (
				CC73DA6DDF4834BE5C423F14 /* [CP] Check Pods Manifest.lock */,
				59D2F7C320AAE2EE00C3B2BC /* Sources */,
				59D2F7C420AAE2EE00C3B2BC /* Frameworks */,
				59D2F7C520AAE2EE00C3B2BC /* Resources */,
			);
			buildRules = (
			);
			dependencies = (
				59D2F7C920AAE2EE00C3B2BC /* PBXTargetDependency */,
			);
			name = noteUITests;
			productName = noteUITests;
			productReference = 59D2F7C720AAE2EE00C3B2BC /* noteUITests.xctest */;
			productType = "com.apple.product-type.bundle.ui-testing";
		};
/* End PBXNativeTarget section */

/* Begin PBXProject section */
		59D2F7A020AAE2EB00C3B2BC /* Project object */ = {
			isa = PBXProject;
			attributes = {
				LastSwiftUpdateCheck = 0930;
				LastUpgradeCheck = 0930;
				ORGANIZATIONNAME = "笠原未来";
				TargetAttributes = {
					59D2F7A720AAE2EB00C3B2BC = {
						CreatedOnToolsVersion = 9.3.1;
						SystemCapabilities = {
							com.apple.ApplicationGroups.iOS = {
								enabled = 0;
							};
						};
					};
					59D2F7BB20AAE2EE00C3B2BC = {
						CreatedOnToolsVersion = 9.3.1;
						TestTargetID = 59D2F7A720AAE2EB00C3B2BC;
					};
					59D2F7C620AAE2EE00C3B2BC = {
						CreatedOnToolsVersion = 9.3.1;
						TestTargetID = 59D2F7A720AAE2EB00C3B2BC;
					};
				};
			};
			buildConfigurationList = 59D2F7A320AAE2EB00C3B2BC /* Build configuration list for PBXProject "note" */;
			compatibilityVersion = "Xcode 9.3";
			developmentRegion = en;
			hasScannedForEncodings = 0;
			knownRegions = (
				en,
				Base,
			);
			mainGroup = 59D2F79F20AAE2EB00C3B2BC;
			productRefGroup = 59D2F7A920AAE2EB00C3B2BC /* Products */;
			projectDirPath = "";
			projectRoot = "";
			targets = (
				59D2F7A720AAE2EB00C3B2BC /* note */,
				59D2F7BB20AAE2EE00C3B2BC /* noteTests */,
				59D2F7C620AAE2EE00C3B2BC /* noteUITests */,
			);
		};
/* End PBXProject section */

/* Begin PBXResourcesBuildPhase section */
		59D2F7A620AAE2EB00C3B2BC /* Resources */ = {
			isa = PBXResourcesBuildPhase;
			buildActionMask = 2147483647;
			files = (
				5973FC802163747D00E71483 /* bell.png in Resources */,
				5973FC872163747D00E71483 /* Circle.png in Resources */,
				5973FC882163747D00E71483 /* pink.png in Resources */,
				5973FC812163747D00E71483 /* tuto4.png in Resources */,
				5973FC922163747D00E71483 /* blueButton.png in Resources */,
				5973FC9A2163747D00E71483 /* calendarIcon.png in Resources */,
				5973FC972163747D00E71483 /* pinkButton.png in Resources */,
				5973FC862163747D00E71483 /* cancel.png in Resources */,
				59D2CAC72170E0840093D95E /* icon.png in Resources */,
				5973FC852163747D00E71483 /* cellImg.png in Resources */,
				5973FC952163747D00E71483 /* purpleButton.png in Resources */,
				5973FC7B2163747D00E71483 /* greenBG.png in Resources */,
				5973FC942163747D00E71483 /* greenButton.png in Resources */,
				5973FC992163747D00E71483 /* clock.png in Resources */,
				5973FC982163747D00E71483 /* menu.png in Resources */,
				5973FC8B2163747D00E71483 /* orange.png in Resources */,
				5973FC8E2163747D00E71483 /* purple.png in Resources */,
				5973FC8C2163747D00E71483 /* green.png in Resources */,
				5973FC7A2163747D00E71483 /* purpleBG.png in Resources */,
				590698CA20B06EDC009F5350 /* Dense-Regular.otf in Resources */,
				5973FC7D2163747D00E71483 /* blueBG.png in Resources */,
				5973FC7E2163747D00E71483 /* redBG.png in Resources */,
				5973FC842163747D00E71483 /* tuto2.png in Resources */,
				5973FC962163747D00E71483 /* blackButton.png in Resources */,
				5973FC932163747D00E71483 /* redButton.png in Resources */,
				5973FC9B2163747D00E71483 /* trash.png in Resources */,
				590698C220B05F29009F5350 /* Inter-UI-Medium.otf in Resources */,
				5973FC912163747D00E71483 /* orangeButton.png in Resources */,
				5973FC822163747D00E71483 /* tuto1.png in Resources */,
				5973FC9C2163747D00E71483 /* line.png in Resources */,
				59D2F7B620AAE2EE00C3B2BC /* LaunchScreen.storyboard in Resources */,
				59D2F7B320AAE2EE00C3B2BC /* Assets.xcassets in Resources */,
				5973FC8A2163747D00E71483 /* black.png in Resources */,
				5973FC782163747D00E71483 /* pinkBG.png in Resources */,
				5973FC8D2163747D00E71483 /* red.png in Resources */,
				59D2F7B120AAE2EB00C3B2BC /* Main.storyboard in Resources */,
				5973FC7C2163747D00E71483 /* orangeBG.png in Resources */,
				5973FC832163747D00E71483 /* tuto3.png in Resources */,
				5973FC892163747D00E71483 /* blue.png in Resources */,
				5973FC902163747D00E71483 /* checkMark.png in Resources */,
				5973FC792163747D00E71483 /* blackBG.png in Resources */,
				5973FC8F2163747D00E71483 /* Circle2.png in Resources */,
			);
			runOnlyForDeploymentPostprocessing = 0;
		};
		59D2F7BA20AAE2EE00C3B2BC /* Resources */ = {
			isa = PBXResourcesBuildPhase;
			buildActionMask = 2147483647;
			files = (
			);
			runOnlyForDeploymentPostprocessing = 0;
		};
		59D2F7C520AAE2EE00C3B2BC /* Resources */ = {
			isa = PBXResourcesBuildPhase;
			buildActionMask = 2147483647;
			files = (
			);
			runOnlyForDeploymentPostprocessing = 0;
		};
/* End PBXResourcesBuildPhase section */

/* Begin PBXShellScriptBuildPhase section */
		7309BE0C30BCC9CF80B4AE34 /* [CP] Embed Pods Frameworks */ = {
			isa = PBXShellScriptBuildPhase;
			buildActionMask = 2147483647;
			files = (
			);
			inputPaths = (
				"${SRCROOT}/Pods/Target Support Files/Pods-note/Pods-note-frameworks.sh",
				"${BUILT_PRODUCTS_DIR}/JTAppleCalendar/JTAppleCalendar.framework",
				"${BUILT_PRODUCTS_DIR}/Realm/Realm.framework",
				"${BUILT_PRODUCTS_DIR}/RealmSwift/RealmSwift.framework",
				"${BUILT_PRODUCTS_DIR}/SideMenu/SideMenu.framework",
			);
			name = "[CP] Embed Pods Frameworks";
			outputPaths = (
				"${TARGET_BUILD_DIR}/${FRAMEWORKS_FOLDER_PATH}/JTAppleCalendar.framework",
				"${TARGET_BUILD_DIR}/${FRAMEWORKS_FOLDER_PATH}/Realm.framework",
				"${TARGET_BUILD_DIR}/${FRAMEWORKS_FOLDER_PATH}/RealmSwift.framework",
				"${TARGET_BUILD_DIR}/${FRAMEWORKS_FOLDER_PATH}/SideMenu.framework",
			);
			runOnlyForDeploymentPostprocessing = 0;
			shellPath = /bin/sh;
			shellScript = "\"${SRCROOT}/Pods/Target Support Files/Pods-note/Pods-note-frameworks.sh\"\n";
			showEnvVarsInLog = 0;
		};
		906DDBFD7EC56628E047D320 /* [CP] Check Pods Manifest.lock */ = {
			isa = PBXShellScriptBuildPhase;
			buildActionMask = 2147483647;
			files = (
			);
			inputPaths = (
				"${PODS_PODFILE_DIR_PATH}/Podfile.lock",
				"${PODS_ROOT}/Manifest.lock",
			);
			name = "[CP] Check Pods Manifest.lock";
			outputPaths = (
				"$(DERIVED_FILE_DIR)/Pods-noteTests-checkManifestLockResult.txt",
			);
			runOnlyForDeploymentPostprocessing = 0;
			shellPath = /bin/sh;
			shellScript = "diff \"${PODS_PODFILE_DIR_PATH}/Podfile.lock\" \"${PODS_ROOT}/Manifest.lock\" > /dev/null\nif [ $? != 0 ] ; then\n    # print error to STDERR\n    echo \"error: The sandbox is not in sync with the Podfile.lock. Run 'pod install' or update your CocoaPods installation.\" >&2\n    exit 1\nfi\n# This output is used by Xcode 'outputs' to avoid re-running this script phase.\necho \"SUCCESS\" > \"${SCRIPT_OUTPUT_FILE_0}\"\n";
			showEnvVarsInLog = 0;
		};
		CC73DA6DDF4834BE5C423F14 /* [CP] Check Pods Manifest.lock */ = {
			isa = PBXShellScriptBuildPhase;
			buildActionMask = 2147483647;
			files = (
			);
			inputPaths = (
				"${PODS_PODFILE_DIR_PATH}/Podfile.lock",
				"${PODS_ROOT}/Manifest.lock",
			);
			name = "[CP] Check Pods Manifest.lock";
			outputPaths = (
				"$(DERIVED_FILE_DIR)/Pods-noteUITests-checkManifestLockResult.txt",
			);
			runOnlyForDeploymentPostprocessing = 0;
			shellPath = /bin/sh;
			shellScript = "diff \"${PODS_PODFILE_DIR_PATH}/Podfile.lock\" \"${PODS_ROOT}/Manifest.lock\" > /dev/null\nif [ $? != 0 ] ; then\n    # print error to STDERR\n    echo \"error: The sandbox is not in sync with the Podfile.lock. Run 'pod install' or update your CocoaPods installation.\" >&2\n    exit 1\nfi\n# This output is used by Xcode 'outputs' to avoid re-running this script phase.\necho \"SUCCESS\" > \"${SCRIPT_OUTPUT_FILE_0}\"\n";
			showEnvVarsInLog = 0;
		};
		DC20A7BC662C8E0CC1A3F3AC /* [CP] Check Pods Manifest.lock */ = {
			isa = PBXShellScriptBuildPhase;
			buildActionMask = 2147483647;
			files = (
			);
			inputPaths = (
				"${PODS_PODFILE_DIR_PATH}/Podfile.lock",
				"${PODS_ROOT}/Manifest.lock",
			);
			name = "[CP] Check Pods Manifest.lock";
			outputPaths = (
				"$(DERIVED_FILE_DIR)/Pods-note-checkManifestLockResult.txt",
			);
			runOnlyForDeploymentPostprocessing = 0;
			shellPath = /bin/sh;
			shellScript = "diff \"${PODS_PODFILE_DIR_PATH}/Podfile.lock\" \"${PODS_ROOT}/Manifest.lock\" > /dev/null\nif [ $? != 0 ] ; then\n    # print error to STDERR\n    echo \"error: The sandbox is not in sync with the Podfile.lock. Run 'pod install' or update your CocoaPods installation.\" >&2\n    exit 1\nfi\n# This output is used by Xcode 'outputs' to avoid re-running this script phase.\necho \"SUCCESS\" > \"${SCRIPT_OUTPUT_FILE_0}\"\n";
			showEnvVarsInLog = 0;
		};
/* End PBXShellScriptBuildPhase section */

/* Begin PBXSourcesBuildPhase section */
		59D2F7A420AAE2EB00C3B2BC /* Sources */ = {
			isa = PBXSourcesBuildPhase;
			buildActionMask = 2147483647;
			files = (
				593E7DC521201A60005F403B /* ThemeColorViewController.swift in Sources */,
				5914491C211ECBEB0074D728 /* NotificationUIViewController.swift in Sources */,
				5906BB9E20B42F9B000C18C3 /* realmDataSet.swift in Sources */,
				59D2F7AE20AAE2EB00C3B2BC /* ViewController.swift in Sources */,
				5983861321510DEC000F18E5 /* BaseTutoViewController.swift in Sources */,
				59471D7921653FC90067C36B /* PagingPerCellFlowLayout.swift in Sources */,
				5973FCA021651A4300E71483 /* CarouselCell.swift in Sources */,
				590698D820B1C91A009F5350 /* DrawView.swift in Sources */,
				5976E855217DC2F60047AB4E /* FourthViewController.swift in Sources */,
				5976E853217DC2E50047AB4E /* ThirdViewController.swift in Sources */,
				5976E84C217DBE340047AB4E /* TutorialViewController.swift in Sources */,
				5973FC9E216519BD00E71483 /* CarouselView.swift in Sources */,
				5914491A211E8FF90074D728 /* RootTableViewController.swift in Sources */,
				59D2F7E020AAF78000C3B2BC /* CustomCell.swift in Sources */,
				59D2F7AC20AAE2EB00C3B2BC /* AppDelegate.swift in Sources */,
				59838570214D5D38000F18E5 /* HowToUseViewController.swift in Sources */,
				5906BBA020BAFF46000C18C3 /* TableViewCell.swift in Sources */,
				5976E84F217DC2CD0047AB4E /* FirstViewController.swift in Sources */,
				590698D020B17762009F5350 /* WriteSchedulesViewController.swift in Sources */,
				59144922211FC4B20074D728 /* HelpViewController.swift in Sources */,
				5976E851217DC2DC0047AB4E /* SecondViewController.swift in Sources */,
				59471D772165383D0067C36B /* CarouselViewController.swift in Sources */,
				593103C42147C87B00ACCA8F /* TimeSettingViewController.swift in Sources */,
			);
			runOnlyForDeploymentPostprocessing = 0;
		};
		59D2F7B820AAE2EE00C3B2BC /* Sources */ = {
			isa = PBXSourcesBuildPhase;
			buildActionMask = 2147483647;
			files = (
				59D2F7C120AAE2EE00C3B2BC /* noteTests.swift in Sources */,
			);
			runOnlyForDeploymentPostprocessing = 0;
		};
		59D2F7C320AAE2EE00C3B2BC /* Sources */ = {
			isa = PBXSourcesBuildPhase;
			buildActionMask = 2147483647;
			files = (
				59D2F7CC20AAE2EE00C3B2BC /* noteUITests.swift in Sources */,
			);
			runOnlyForDeploymentPostprocessing = 0;
		};
/* End PBXSourcesBuildPhase section */

/* Begin PBXTargetDependency section */
		59D2F7BE20AAE2EE00C3B2BC /* PBXTargetDependency */ = {
			isa = PBXTargetDependency;
			target = 59D2F7A720AAE2EB00C3B2BC /* note */;
			targetProxy = 59D2F7BD20AAE2EE00C3B2BC /* PBXContainerItemProxy */;
		};
		59D2F7C920AAE2EE00C3B2BC /* PBXTargetDependency */ = {
			isa = PBXTargetDependency;
			target = 59D2F7A720AAE2EB00C3B2BC /* note */;
			targetProxy = 59D2F7C820AAE2EE00C3B2BC /* PBXContainerItemProxy */;
		};
/* End PBXTargetDependency section */

/* Begin PBXVariantGroup section */
		59D2F7AF20AAE2EB00C3B2BC /* Main.storyboard */ = {
			isa = PBXVariantGroup;
			children = (
				59D2F7B020AAE2EB00C3B2BC /* Base */,
			);
			name = Main.storyboard;
			sourceTree = "<group>";
		};
		59D2F7B420AAE2EE00C3B2BC /* LaunchScreen.storyboard */ = {
			isa = PBXVariantGroup;
			children = (
				59D2F7B520AAE2EE00C3B2BC /* Base */,
			);
			name = LaunchScreen.storyboard;
			sourceTree = "<group>";
		};
/* End PBXVariantGroup section */

/* Begin XCBuildConfiguration section */
		59D2F7CE20AAE2EE00C3B2BC /* Debug */ = {
			isa = XCBuildConfiguration;
			buildSettings = {
				ALWAYS_EMBED_SWIFT_STANDARD_LIBRARIES = "$(inherited)";
				ALWAYS_SEARCH_USER_PATHS = NO;
				CLANG_ANALYZER_NONNULL = YES;
				CLANG_ANALYZER_NUMBER_OBJECT_CONVERSION = YES_AGGRESSIVE;
				CLANG_CXX_LANGUAGE_STANDARD = "gnu++14";
				CLANG_CXX_LIBRARY = "libc++";
				CLANG_ENABLE_MODULES = YES;
				CLANG_ENABLE_OBJC_ARC = YES;
				CLANG_ENABLE_OBJC_WEAK = YES;
				CLANG_WARN_BLOCK_CAPTURE_AUTORELEASING = YES;
				CLANG_WARN_BOOL_CONVERSION = YES;
				CLANG_WARN_COMMA = YES;
				CLANG_WARN_CONSTANT_CONVERSION = YES;
				CLANG_WARN_DEPRECATED_OBJC_IMPLEMENTATIONS = YES;
				CLANG_WARN_DIRECT_OBJC_ISA_USAGE = YES_ERROR;
				CLANG_WARN_DOCUMENTATION_COMMENTS = YES;
				CLANG_WARN_EMPTY_BODY = YES;
				CLANG_WARN_ENUM_CONVERSION = YES;
				CLANG_WARN_INFINITE_RECURSION = YES;
				CLANG_WARN_INT_CONVERSION = YES;
				CLANG_WARN_NON_LITERAL_NULL_CONVERSION = YES;
				CLANG_WARN_OBJC_IMPLICIT_RETAIN_SELF = YES;
				CLANG_WARN_OBJC_LITERAL_CONVERSION = YES;
				CLANG_WARN_OBJC_ROOT_CLASS = YES_ERROR;
				CLANG_WARN_RANGE_LOOP_ANALYSIS = YES;
				CLANG_WARN_STRICT_PROTOTYPES = YES;
				CLANG_WARN_SUSPICIOUS_MOVE = YES;
				CLANG_WARN_UNGUARDED_AVAILABILITY = YES_AGGRESSIVE;
				CLANG_WARN_UNREACHABLE_CODE = YES;
				CLANG_WARN__DUPLICATE_METHOD_MATCH = YES;
				CODE_SIGN_IDENTITY = "iPhone Developer";
				COPY_PHASE_STRIP = NO;
				DEBUG_INFORMATION_FORMAT = dwarf;
				ENABLE_STRICT_OBJC_MSGSEND = YES;
				ENABLE_TESTABILITY = YES;
				GCC_C_LANGUAGE_STANDARD = gnu11;
				GCC_DYNAMIC_NO_PIC = NO;
				GCC_NO_COMMON_BLOCKS = YES;
				GCC_OPTIMIZATION_LEVEL = 0;
				GCC_PREPROCESSOR_DEFINITIONS = (
					"DEBUG=1",
					"$(inherited)",
				);
				GCC_WARN_64_TO_32_BIT_CONVERSION = YES;
				GCC_WARN_ABOUT_RETURN_TYPE = YES_ERROR;
				GCC_WARN_UNDECLARED_SELECTOR = YES;
				GCC_WARN_UNINITIALIZED_AUTOS = YES_AGGRESSIVE;
				GCC_WARN_UNUSED_FUNCTION = YES;
				GCC_WARN_UNUSED_VARIABLE = YES;
				IPHONEOS_DEPLOYMENT_TARGET = 11.3;
				MTL_ENABLE_DEBUG_INFO = YES;
				ONLY_ACTIVE_ARCH = YES;
				OTHER_LDFLAGS = "$(inherited)";
				SDKROOT = iphoneos;
				SWIFT_ACTIVE_COMPILATION_CONDITIONS = DEBUG;
				SWIFT_OPTIMIZATION_LEVEL = "-Onone";
			};
			name = Debug;
		};
		59D2F7CF20AAE2EE00C3B2BC /* Release */ = {
			isa = XCBuildConfiguration;
			buildSettings = {
				ALWAYS_EMBED_SWIFT_STANDARD_LIBRARIES = "$(inherited)";
				ALWAYS_SEARCH_USER_PATHS = NO;
				CLANG_ANALYZER_NONNULL = YES;
				CLANG_ANALYZER_NUMBER_OBJECT_CONVERSION = YES_AGGRESSIVE;
				CLANG_CXX_LANGUAGE_STANDARD = "gnu++14";
				CLANG_CXX_LIBRARY = "libc++";
				CLANG_ENABLE_MODULES = YES;
				CLANG_ENABLE_OBJC_ARC = YES;
				CLANG_ENABLE_OBJC_WEAK = YES;
				CLANG_WARN_BLOCK_CAPTURE_AUTORELEASING = YES;
				CLANG_WARN_BOOL_CONVERSION = YES;
				CLANG_WARN_COMMA = YES;
				CLANG_WARN_CONSTANT_CONVERSION = YES;
				CLANG_WARN_DEPRECATED_OBJC_IMPLEMENTATIONS = YES;
				CLANG_WARN_DIRECT_OBJC_ISA_USAGE = YES_ERROR;
				CLANG_WARN_DOCUMENTATION_COMMENTS = YES;
				CLANG_WARN_EMPTY_BODY = YES;
				CLANG_WARN_ENUM_CONVERSION = YES;
				CLANG_WARN_INFINITE_RECURSION = YES;
				CLANG_WARN_INT_CONVERSION = YES;
				CLANG_WARN_NON_LITERAL_NULL_CONVERSION = YES;
				CLANG_WARN_OBJC_IMPLICIT_RETAIN_SELF = YES;
				CLANG_WARN_OBJC_LITERAL_CONVERSION = YES;
				CLANG_WARN_OBJC_ROOT_CLASS = YES_ERROR;
				CLANG_WARN_RANGE_LOOP_ANALYSIS = YES;
				CLANG_WARN_STRICT_PROTOTYPES = YES;
				CLANG_WARN_SUSPICIOUS_MOVE = YES;
				CLANG_WARN_UNGUARDED_AVAILABILITY = YES_AGGRESSIVE;
				CLANG_WARN_UNREACHABLE_CODE = YES;
				CLANG_WARN__DUPLICATE_METHOD_MATCH = YES;
				CODE_SIGN_IDENTITY = "iPhone Developer";
				COPY_PHASE_STRIP = NO;
				DEBUG_INFORMATION_FORMAT = "dwarf-with-dsym";
				ENABLE_NS_ASSERTIONS = NO;
				ENABLE_STRICT_OBJC_MSGSEND = YES;
				GCC_C_LANGUAGE_STANDARD = gnu11;
				GCC_NO_COMMON_BLOCKS = YES;
				GCC_WARN_64_TO_32_BIT_CONVERSION = YES;
				GCC_WARN_ABOUT_RETURN_TYPE = YES_ERROR;
				GCC_WARN_UNDECLARED_SELECTOR = YES;
				GCC_WARN_UNINITIALIZED_AUTOS = YES_AGGRESSIVE;
				GCC_WARN_UNUSED_FUNCTION = YES;
				GCC_WARN_UNUSED_VARIABLE = YES;
				IPHONEOS_DEPLOYMENT_TARGET = 11.3;
				MTL_ENABLE_DEBUG_INFO = NO;
				OTHER_LDFLAGS = "$(inherited)";
				SDKROOT = iphoneos;
				SWIFT_COMPILATION_MODE = wholemodule;
				SWIFT_OPTIMIZATION_LEVEL = "-O";
				VALIDATE_PRODUCT = YES;
			};
			name = Release;
		};
		59D2F7D120AAE2EE00C3B2BC /* Debug */ = {
			isa = XCBuildConfiguration;
			baseConfigurationReference = 03DDEE85829E96BC6566C3AF /* Pods-note.debug.xcconfig */;
			buildSettings = {
				ALWAYS_EMBED_SWIFT_STANDARD_LIBRARIES = "$(inherited)";
				ASSETCATALOG_COMPILER_APPICON_NAME = AppIcon;
				CODE_SIGN_STYLE = Automatic;
				DEVELOPMENT_TEAM = FQ44R4777H;
				INFOPLIST_FILE = note/Info.plist;
				LD_RUNPATH_SEARCH_PATHS = (
					"$(inherited)",
					"@executable_path/Frameworks",
				);
				OTHER_LDFLAGS = (
					"$(inherited)",
					"-ObjC",
					"-framework",
					"\"JTAppleCalendar\"",
					"-framework",
					"\"Realm\"",
					"-framework",
					"\"RealmSwift\"",
					"-framework",
					"\"SideMenu\"",
				);
				PRODUCT_BUNDLE_IDENTIFIER = KasaharaMiku.com.note;
				PRODUCT_NAME = SPEEDAY;
				SWIFT_VERSION = 4.0;
				TARGETED_DEVICE_FAMILY = 1;
			};
			name = Debug;
		};
		59D2F7D220AAE2EE00C3B2BC /* Release */ = {
			isa = XCBuildConfiguration;
			baseConfigurationReference = CBA34D7E99D79B8D18D1C2FF /* Pods-note.release.xcconfig */;
			buildSettings = {
				ALWAYS_EMBED_SWIFT_STANDARD_LIBRARIES = "$(inherited)";
				ASSETCATALOG_COMPILER_APPICON_NAME = AppIcon;
				CODE_SIGN_STYLE = Automatic;
				DEVELOPMENT_TEAM = FQ44R4777H;
				INFOPLIST_FILE = note/Info.plist;
				LD_RUNPATH_SEARCH_PATHS = (
					"$(inherited)",
					"@executable_path/Frameworks",
				);
				OTHER_LDFLAGS = (
					"$(inherited)",
					"-ObjC",
					"-framework",
					"\"JTAppleCalendar\"",
					"-framework",
					"\"Realm\"",
					"-framework",
					"\"RealmSwift\"",
					"-framework",
					"\"SideMenu\"",
				);
				PRODUCT_BUNDLE_IDENTIFIER = KasaharaMiku.com.note;
				PRODUCT_NAME = SPEEDAY;
				SWIFT_VERSION = 4.0;
				TARGETED_DEVICE_FAMILY = 1;
			};
			name = Release;
		};
		59D2F7D420AAE2EE00C3B2BC /* Debug */ = {
			isa = XCBuildConfiguration;
			baseConfigurationReference = 6B0530FBD357C5DB17B638C6 /* Pods-noteTests.debug.xcconfig */;
			buildSettings = {
				ALWAYS_EMBED_SWIFT_STANDARD_LIBRARIES = YES;
				BUNDLE_LOADER = "$(TEST_HOST)";
				CODE_SIGN_STYLE = Automatic;
				INFOPLIST_FILE = noteTests/Info.plist;
				LD_RUNPATH_SEARCH_PATHS = (
					"$(inherited)",
					"@executable_path/Frameworks",
					"@loader_path/Frameworks",
				);
				OTHER_LDFLAGS = "$(inherited)";
				PRODUCT_BUNDLE_IDENTIFIER = com.litech.noteTests;
				PRODUCT_NAME = "$(TARGET_NAME)";
				SWIFT_VERSION = 4.0;
				TARGETED_DEVICE_FAMILY = "1,2";
				TEST_HOST = "$(BUILT_PRODUCTS_DIR)/note.app/note";
			};
			name = Debug;
		};
		59D2F7D520AAE2EE00C3B2BC /* Release */ = {
			isa = XCBuildConfiguration;
			baseConfigurationReference = 148E88839D60DCF71666F663 /* Pods-noteTests.release.xcconfig */;
			buildSettings = {
				ALWAYS_EMBED_SWIFT_STANDARD_LIBRARIES = YES;
				BUNDLE_LOADER = "$(TEST_HOST)";
				CODE_SIGN_STYLE = Automatic;
				INFOPLIST_FILE = noteTests/Info.plist;
				LD_RUNPATH_SEARCH_PATHS = (
					"$(inherited)",
					"@executable_path/Frameworks",
					"@loader_path/Frameworks",
				);
				OTHER_LDFLAGS = "$(inherited)";
				PRODUCT_BUNDLE_IDENTIFIER = com.litech.noteTests;
				PRODUCT_NAME = "$(TARGET_NAME)";
				SWIFT_VERSION = 4.0;
				TARGETED_DEVICE_FAMILY = "1,2";
				TEST_HOST = "$(BUILT_PRODUCTS_DIR)/note.app/note";
			};
			name = Release;
		};
		59D2F7D720AAE2EE00C3B2BC /* Debug */ = {
			isa = XCBuildConfiguration;
			baseConfigurationReference = DCFFE6F02391D14B49707455 /* Pods-noteUITests.debug.xcconfig */;
			buildSettings = {
				ALWAYS_EMBED_SWIFT_STANDARD_LIBRARIES = YES;
				CODE_SIGN_STYLE = Automatic;
				INFOPLIST_FILE = noteUITests/Info.plist;
				LD_RUNPATH_SEARCH_PATHS = (
					"$(inherited)",
					"@executable_path/Frameworks",
					"@loader_path/Frameworks",
				);
				OTHER_LDFLAGS = "$(inherited)";
				PRODUCT_BUNDLE_IDENTIFIER = com.litech.noteUITests;
				PRODUCT_NAME = "$(TARGET_NAME)";
				SWIFT_VERSION = 4.0;
				TARGETED_DEVICE_FAMILY = "1,2";
				TEST_TARGET_NAME = note;
			};
			name = Debug;
		};
		59D2F7D820AAE2EE00C3B2BC /* Release */ = {
			isa = XCBuildConfiguration;
			baseConfigurationReference = 4126C59D8808EDF3AA995711 /* Pods-noteUITests.release.xcconfig */;
			buildSettings = {
				ALWAYS_EMBED_SWIFT_STANDARD_LIBRARIES = YES;
				CODE_SIGN_STYLE = Automatic;
				INFOPLIST_FILE = noteUITests/Info.plist;
				LD_RUNPATH_SEARCH_PATHS = (
					"$(inherited)",
					"@executable_path/Frameworks",
					"@loader_path/Frameworks",
				);
				OTHER_LDFLAGS = "$(inherited)";
				PRODUCT_BUNDLE_IDENTIFIER = com.litech.noteUITests;
				PRODUCT_NAME = "$(TARGET_NAME)";
				SWIFT_VERSION = 4.0;
				TARGETED_DEVICE_FAMILY = "1,2";
				TEST_TARGET_NAME = note;
			};
			name = Release;
		};
/* End XCBuildConfiguration section */

/* Begin XCConfigurationList section */
		59D2F7A320AAE2EB00C3B2BC /* Build configuration list for PBXProject "note" */ = {
			isa = XCConfigurationList;
			buildConfigurations = (
				59D2F7CE20AAE2EE00C3B2BC /* Debug */,
				59D2F7CF20AAE2EE00C3B2BC /* Release */,
			);
			defaultConfigurationIsVisible = 0;
			defaultConfigurationName = Release;
		};
		59D2F7D020AAE2EE00C3B2BC /* Build configuration list for PBXNativeTarget "note" */ = {
			isa = XCConfigurationList;
			buildConfigurations = (
				59D2F7D120AAE2EE00C3B2BC /* Debug */,
				59D2F7D220AAE2EE00C3B2BC /* Release */,
			);
			defaultConfigurationIsVisible = 0;
			defaultConfigurationName = Release;
		};
		59D2F7D320AAE2EE00C3B2BC /* Build configuration list for PBXNativeTarget "noteTests" */ = {
			isa = XCConfigurationList;
			buildConfigurations = (
				59D2F7D420AAE2EE00C3B2BC /* Debug */,
				59D2F7D520AAE2EE00C3B2BC /* Release */,
			);
			defaultConfigurationIsVisible = 0;
			defaultConfigurationName = Release;
		};
		59D2F7D620AAE2EE00C3B2BC /* Build configuration list for PBXNativeTarget "noteUITests" */ = {
			isa = XCConfigurationList;
			buildConfigurations = (
				59D2F7D720AAE2EE00C3B2BC /* Debug */,
				59D2F7D820AAE2EE00C3B2BC /* Release */,
			);
			defaultConfigurationIsVisible = 0;
			defaultConfigurationName = Release;
		};
/* End XCConfigurationList section */
	};
	rootObject = 59D2F7A020AAE2EB00C3B2BC /* Project object */;
}
