// !$*UTF8*$!
{
	archiveVersion = 1;
	classes = {
	};
	objectVersion = 50;
	objects = {

/* Begin PBXBuildFile section */
		1BA12F4F433E329C22A8D57F /* Pods_note.framework in Frameworks */ = {isa = PBXBuildFile; fileRef = B86F84D047245A5D1B4F4988 /* Pods_note.framework */; };
		590698C220B05F29009F5350 /* Inter-UI-Medium.otf in Resources */ = {isa = PBXBuildFile; fileRef = 590698C120B05D7D009F5350 /* Inter-UI-Medium.otf */; };
		590698CA20B06EDC009F5350 /* Dense-Regular.otf in Resources */ = {isa = PBXBuildFile; fileRef = 590698C920B06CDA009F5350 /* Dense-Regular.otf */; };
		590698CE20B11597009F5350 /* button.png in Resources */ = {isa = PBXBuildFile; fileRef = 590698CD20B11597009F5350 /* button.png */; };
		590698D020B17762009F5350 /* WriteSchedulesViewController.swift in Sources */ = {isa = PBXBuildFile; fileRef = 590698CF20B17762009F5350 /* WriteSchedulesViewController.swift */; };
		590698D420B1C187009F5350 /* checkMark.png in Resources */ = {isa = PBXBuildFile; fileRef = 590698D320B1C186009F5350 /* checkMark.png */; };
		590698D820B1C91A009F5350 /* DrawView.swift in Sources */ = {isa = PBXBuildFile; fileRef = 590698D720B1C91A009F5350 /* DrawView.swift */; };
		5906BB9620B2ECD0000C18C3 /* cancel.png in Resources */ = {isa = PBXBuildFile; fileRef = 5906BB9520B2ECD0000C18C3 /* cancel.png */; };
		5906BB9820B2ECD8000C18C3 /* bg.png in Resources */ = {isa = PBXBuildFile; fileRef = 5906BB9720B2ECD7000C18C3 /* bg.png */; };
		5906BB9A20B2EE0E000C18C3 /* navi.png in Resources */ = {isa = PBXBuildFile; fileRef = 5906BB9920B2EE0D000C18C3 /* navi.png */; };
		5906BB9C20B2EFC7000C18C3 /* line.png in Resources */ = {isa = PBXBuildFile; fileRef = 5906BB9B20B2EFC7000C18C3 /* line.png */; };
		5906BB9E20B42F9B000C18C3 /* realmDataSet.swift in Sources */ = {isa = PBXBuildFile; fileRef = 5906BB9D20B42F9B000C18C3 /* realmDataSet.swift */; };
		5906BBA020BAFF46000C18C3 /* TableViewCell.swift in Sources */ = {isa = PBXBuildFile; fileRef = 5906BB9F20BAFF46000C18C3 /* TableViewCell.swift */; };
		5906BBA220BB00E3000C18C3 /* cellImg.png in Resources */ = {isa = PBXBuildFile; fileRef = 5906BBA120BB00E3000C18C3 /* cellImg.png */; };
		5911A80120C69754007C13D3 /* penIcon3.png in Resources */ = {isa = PBXBuildFile; fileRef = 5911A80020C69754007C13D3 /* penIcon3.png */; };
		5914491A211E8FF90074D728 /* RootTableViewController.swift in Sources */ = {isa = PBXBuildFile; fileRef = 59144919211E8FF90074D728 /* RootTableViewController.swift */; };
		5914491C211ECBEB0074D728 /* NotificationUIViewController.swift in Sources */ = {isa = PBXBuildFile; fileRef = 5914491B211ECBEB0074D728 /* NotificationUIViewController.swift */; };
		5914491E211F2DC90074D728 /* bell.png in Resources */ = {isa = PBXBuildFile; fileRef = 5914491D211F2DC80074D728 /* bell.png */; };
		59144920211F36840074D728 /* clock.png in Resources */ = {isa = PBXBuildFile; fileRef = 5914491F211F36840074D728 /* clock.png */; };
		59144922211FC4B20074D728 /* HelpViewController.swift in Sources */ = {isa = PBXBuildFile; fileRef = 59144921211FC4B20074D728 /* HelpViewController.swift */; };
		593E7DC521201A60005F403B /* ThemeColorViewController.swift in Sources */ = {isa = PBXBuildFile; fileRef = 593E7DC421201A60005F403B /* ThemeColorViewController.swift */; };
		594C794720E128FA00D8000E /* icon_blue.png in Resources */ = {isa = PBXBuildFile; fileRef = 594C794620E128FA00D8000E /* icon_blue.png */; };
		59A6388C20EB91E6002EBB82 /* menu.png in Resources */ = {isa = PBXBuildFile; fileRef = 59A6388B20EB91E5002EBB82 /* menu.png */; };
		59A6389B20FDBC8E002EBB82 /* NotificationCenter.framework in Frameworks */ = {isa = PBXBuildFile; fileRef = 59A6389A20FDBC8E002EBB82 /* NotificationCenter.framework */; };
		59A6389E20FDBC8E002EBB82 /* TodayViewController.swift in Sources */ = {isa = PBXBuildFile; fileRef = 59A6389D20FDBC8E002EBB82 /* TodayViewController.swift */; };
		59A638A120FDBC8E002EBB82 /* MainInterface.storyboard in Resources */ = {isa = PBXBuildFile; fileRef = 59A6389F20FDBC8E002EBB82 /* MainInterface.storyboard */; };
		59A638A520FDBC8E002EBB82 /* Today.appex in Embed App Extensions */ = {isa = PBXBuildFile; fileRef = 59A6389920FDBC8E002EBB82 /* Today.appex */; settings = {ATTRIBUTES = (RemoveHeadersOnCopy, ); }; };
		59A638AD20FDF5DF002EBB82 /* MyModel.swift in Sources */ = {isa = PBXBuildFile; fileRef = 59A638AC20FDF5DF002EBB82 /* MyModel.swift */; };
		59D2F7AC20AAE2EB00C3B2BC /* AppDelegate.swift in Sources */ = {isa = PBXBuildFile; fileRef = 59D2F7AB20AAE2EB00C3B2BC /* AppDelegate.swift */; };
		59D2F7AE20AAE2EB00C3B2BC /* ViewController.swift in Sources */ = {isa = PBXBuildFile; fileRef = 59D2F7AD20AAE2EB00C3B2BC /* ViewController.swift */; };
		59D2F7B120AAE2EB00C3B2BC /* Main.storyboard in Resources */ = {isa = PBXBuildFile; fileRef = 59D2F7AF20AAE2EB00C3B2BC /* Main.storyboard */; };
		59D2F7B320AAE2EE00C3B2BC /* Assets.xcassets in Resources */ = {isa = PBXBuildFile; fileRef = 59D2F7B220AAE2EE00C3B2BC /* Assets.xcassets */; };
		59D2F7B620AAE2EE00C3B2BC /* LaunchScreen.storyboard in Resources */ = {isa = PBXBuildFile; fileRef = 59D2F7B420AAE2EE00C3B2BC /* LaunchScreen.storyboard */; };
		59D2F7C120AAE2EE00C3B2BC /* noteTests.swift in Sources */ = {isa = PBXBuildFile; fileRef = 59D2F7C020AAE2EE00C3B2BC /* noteTests.swift */; };
		59D2F7CC20AAE2EE00C3B2BC /* noteUITests.swift in Sources */ = {isa = PBXBuildFile; fileRef = 59D2F7CB20AAE2EE00C3B2BC /* noteUITests.swift */; };
		59D2F7E020AAF78000C3B2BC /* CustomCell.swift in Sources */ = {isa = PBXBuildFile; fileRef = 59D2F7DF20AAF78000C3B2BC /* CustomCell.swift */; };
		6A95EFF2A8F8BDB1CF62F569 /* Pods_noteUITests.framework in Frameworks */ = {isa = PBXBuildFile; fileRef = 807AE1B3437E7FBAFCB5899A /* Pods_noteUITests.framework */; };
		B853FB3FCD8B7EFD97294E00 /* Pods_noteTests.framework in Frameworks */ = {isa = PBXBuildFile; fileRef = D66751E093D3D0A0524FF4B7 /* Pods_noteTests.framework */; };
		C0477717520EC6880CA1C703 /* Pods_Today.framework in Frameworks */ = {isa = PBXBuildFile; fileRef = 0D006CD81E9D8EC2AF474D5A /* Pods_Today.framework */; };
/* End PBXBuildFile section */

/* Begin PBXContainerItemProxy section */
		59A638A320FDBC8E002EBB82 /* PBXContainerItemProxy */ = {
			isa = PBXContainerItemProxy;
			containerPortal = 59D2F7A020AAE2EB00C3B2BC /* Project object */;
			proxyType = 1;
			remoteGlobalIDString = 59A6389820FDBC8E002EBB82;
			remoteInfo = Today;
		};
		59D2F7BD20AAE2EE00C3B2BC /* PBXContainerItemProxy */ = {
			isa = PBXContainerItemProxy;
			containerPortal = 59D2F7A020AAE2EB00C3B2BC /* Project object */;
			proxyType = 1;
			remoteGlobalIDString = 59D2F7A720AAE2EB00C3B2BC;
			remoteInfo = note;
		};
		59D2F7C820AAE2EE00C3B2BC /* PBXContainerItemProxy */ = {
			isa = PBXContainerItemProxy;
			containerPortal = 59D2F7A020AAE2EB00C3B2BC /* Project object */;
			proxyType = 1;
			remoteGlobalIDString = 59D2F7A720AAE2EB00C3B2BC;
			remoteInfo = note;
		};
/* End PBXContainerItemProxy section */

/* Begin PBXCopyFilesBuildPhase section */
		59A638A920FDBC8E002EBB82 /* Embed App Extensions */ = {
			isa = PBXCopyFilesBuildPhase;
			buildActionMask = 2147483647;
			dstPath = "";
			dstSubfolderSpec = 13;
			files = (
				59A638A520FDBC8E002EBB82 /* Today.appex in Embed App Extensions */,
			);
			name = "Embed App Extensions";
			runOnlyForDeploymentPostprocessing = 0;
		};
/* End PBXCopyFilesBuildPhase section */

/* Begin PBXFileReference section */
		09887F5BEC9702F5E60610F5 /* Pods-noteTests.debug.xcconfig */ = {isa = PBXFileReference; includeInIndex = 1; lastKnownFileType = text.xcconfig; name = "Pods-noteTests.debug.xcconfig"; path = "Pods/Target Support Files/Pods-noteTests/Pods-noteTests.debug.xcconfig"; sourceTree = "<group>"; };
		0D006CD81E9D8EC2AF474D5A /* Pods_Today.framework */ = {isa = PBXFileReference; explicitFileType = wrapper.framework; includeInIndex = 0; path = Pods_Today.framework; sourceTree = BUILT_PRODUCTS_DIR; };
		590698C120B05D7D009F5350 /* Inter-UI-Medium.otf */ = {isa = PBXFileReference; lastKnownFileType = file; path = "Inter-UI-Medium.otf"; sourceTree = "<group>"; };
		590698C920B06CDA009F5350 /* Dense-Regular.otf */ = {isa = PBXFileReference; lastKnownFileType = file; path = "Dense-Regular.otf"; sourceTree = "<group>"; };
		590698CD20B11597009F5350 /* button.png */ = {isa = PBXFileReference; lastKnownFileType = image.png; path = button.png; sourceTree = "<group>"; };
		590698CF20B17762009F5350 /* WriteSchedulesViewController.swift */ = {isa = PBXFileReference; lastKnownFileType = sourcecode.swift; path = WriteSchedulesViewController.swift; sourceTree = "<group>"; };
		590698D320B1C186009F5350 /* checkMark.png */ = {isa = PBXFileReference; lastKnownFileType = image.png; path = checkMark.png; sourceTree = "<group>"; };
		590698D720B1C91A009F5350 /* DrawView.swift */ = {isa = PBXFileReference; lastKnownFileType = sourcecode.swift; path = DrawView.swift; sourceTree = "<group>"; };
		5906BB9520B2ECD0000C18C3 /* cancel.png */ = {isa = PBXFileReference; lastKnownFileType = image.png; path = cancel.png; sourceTree = "<group>"; };
		5906BB9720B2ECD7000C18C3 /* bg.png */ = {isa = PBXFileReference; lastKnownFileType = image.png; path = bg.png; sourceTree = "<group>"; };
		5906BB9920B2EE0D000C18C3 /* navi.png */ = {isa = PBXFileReference; lastKnownFileType = image.png; path = navi.png; sourceTree = "<group>"; };
		5906BB9B20B2EFC7000C18C3 /* line.png */ = {isa = PBXFileReference; lastKnownFileType = image.png; path = line.png; sourceTree = "<group>"; };
		5906BB9D20B42F9B000C18C3 /* realmDataSet.swift */ = {isa = PBXFileReference; lastKnownFileType = sourcecode.swift; path = realmDataSet.swift; sourceTree = "<group>"; };
		5906BB9F20BAFF46000C18C3 /* TableViewCell.swift */ = {isa = PBXFileReference; lastKnownFileType = sourcecode.swift; path = TableViewCell.swift; sourceTree = "<group>"; };
		5906BBA120BB00E3000C18C3 /* cellImg.png */ = {isa = PBXFileReference; lastKnownFileType = image.png; path = cellImg.png; sourceTree = "<group>"; };
		5911A80020C69754007C13D3 /* penIcon3.png */ = {isa = PBXFileReference; lastKnownFileType = image.png; path = penIcon3.png; sourceTree = "<group>"; };
		59144919211E8FF90074D728 /* RootTableViewController.swift */ = {isa = PBXFileReference; lastKnownFileType = sourcecode.swift; path = RootTableViewController.swift; sourceTree = "<group>"; };
		5914491B211ECBEB0074D728 /* NotificationUIViewController.swift */ = {isa = PBXFileReference; lastKnownFileType = sourcecode.swift; path = NotificationUIViewController.swift; sourceTree = "<group>"; };
		5914491D211F2DC80074D728 /* bell.png */ = {isa = PBXFileReference; lastKnownFileType = image.png; path = bell.png; sourceTree = "<group>"; };
		5914491F211F36840074D728 /* clock.png */ = {isa = PBXFileReference; lastKnownFileType = image.png; path = clock.png; sourceTree = "<group>"; };
		59144921211FC4B20074D728 /* HelpViewController.swift */ = {isa = PBXFileReference; lastKnownFileType = sourcecode.swift; path = HelpViewController.swift; sourceTree = "<group>"; };
		593E7DC421201A60005F403B /* ThemeColorViewController.swift */ = {isa = PBXFileReference; lastKnownFileType = sourcecode.swift; path = ThemeColorViewController.swift; sourceTree = "<group>"; };
		594C794620E128FA00D8000E /* icon_blue.png */ = {isa = PBXFileReference; lastKnownFileType = image.png; path = icon_blue.png; sourceTree = "<group>"; };
		59A6388B20EB91E5002EBB82 /* menu.png */ = {isa = PBXFileReference; lastKnownFileType = image.png; path = menu.png; sourceTree = "<group>"; };
		59A6389920FDBC8E002EBB82 /* Today.appex */ = {isa = PBXFileReference; explicitFileType = "wrapper.app-extension"; includeInIndex = 0; path = Today.appex; sourceTree = BUILT_PRODUCTS_DIR; };
		59A6389A20FDBC8E002EBB82 /* NotificationCenter.framework */ = {isa = PBXFileReference; lastKnownFileType = wrapper.framework; name = NotificationCenter.framework; path = System/Library/Frameworks/NotificationCenter.framework; sourceTree = SDKROOT; };
		59A6389D20FDBC8E002EBB82 /* TodayViewController.swift */ = {isa = PBXFileReference; lastKnownFileType = sourcecode.swift; path = TodayViewController.swift; sourceTree = "<group>"; };
		59A638A020FDBC8E002EBB82 /* Base */ = {isa = PBXFileReference; lastKnownFileType = file.storyboard; name = Base; path = Base.lproj/MainInterface.storyboard; sourceTree = "<group>"; };
		59A638A220FDBC8E002EBB82 /* Info.plist */ = {isa = PBXFileReference; lastKnownFileType = text.plist.xml; path = Info.plist; sourceTree = "<group>"; };
		59A638AA20FDE247002EBB82 /* note.entitlements */ = {isa = PBXFileReference; lastKnownFileType = text.plist.entitlements; path = note.entitlements; sourceTree = "<group>"; };
		59A638AB20FDE253002EBB82 /* Today.entitlements */ = {isa = PBXFileReference; lastKnownFileType = text.plist.entitlements; path = Today.entitlements; sourceTree = "<group>"; };
		59A638AC20FDF5DF002EBB82 /* MyModel.swift */ = {isa = PBXFileReference; lastKnownFileType = sourcecode.swift; path = MyModel.swift; sourceTree = "<group>"; };
		59D2F7A820AAE2EB00C3B2BC /* note.app */ = {isa = PBXFileReference; explicitFileType = wrapper.application; includeInIndex = 0; path = note.app; sourceTree = BUILT_PRODUCTS_DIR; };
		59D2F7AB20AAE2EB00C3B2BC /* AppDelegate.swift */ = {isa = PBXFileReference; lastKnownFileType = sourcecode.swift; path = AppDelegate.swift; sourceTree = "<group>"; };
		59D2F7AD20AAE2EB00C3B2BC /* ViewController.swift */ = {isa = PBXFileReference; lastKnownFileType = sourcecode.swift; path = ViewController.swift; sourceTree = "<group>"; };
		59D2F7B020AAE2EB00C3B2BC /* Base */ = {isa = PBXFileReference; lastKnownFileType = file.storyboard; name = Base; path = Base.lproj/Main.storyboard; sourceTree = "<group>"; };
		59D2F7B220AAE2EE00C3B2BC /* Assets.xcassets */ = {isa = PBXFileReference; lastKnownFileType = folder.assetcatalog; path = Assets.xcassets; sourceTree = "<group>"; };
		59D2F7B520AAE2EE00C3B2BC /* Base */ = {isa = PBXFileReference; lastKnownFileType = file.storyboard; name = Base; path = Base.lproj/LaunchScreen.storyboard; sourceTree = "<group>"; };
		59D2F7B720AAE2EE00C3B2BC /* Info.plist */ = {isa = PBXFileReference; lastKnownFileType = text.plist.xml; path = Info.plist; sourceTree = "<group>"; };
		59D2F7BC20AAE2EE00C3B2BC /* noteTests.xctest */ = {isa = PBXFileReference; explicitFileType = wrapper.cfbundle; includeInIndex = 0; path = noteTests.xctest; sourceTree = BUILT_PRODUCTS_DIR; };
		59D2F7C020AAE2EE00C3B2BC /* noteTests.swift */ = {isa = PBXFileReference; lastKnownFileType = sourcecode.swift; path = noteTests.swift; sourceTree = "<group>"; };
		59D2F7C220AAE2EE00C3B2BC /* Info.plist */ = {isa = PBXFileReference; lastKnownFileType = text.plist.xml; path = Info.plist; sourceTree = "<group>"; };
		59D2F7C720AAE2EE00C3B2BC /* noteUITests.xctest */ = {isa = PBXFileReference; explicitFileType = wrapper.cfbundle; includeInIndex = 0; path = noteUITests.xctest; sourceTree = BUILT_PRODUCTS_DIR; };
		59D2F7CB20AAE2EE00C3B2BC /* noteUITests.swift */ = {isa = PBXFileReference; lastKnownFileType = sourcecode.swift; path = noteUITests.swift; sourceTree = "<group>"; };
		59D2F7CD20AAE2EE00C3B2BC /* Info.plist */ = {isa = PBXFileReference; lastKnownFileType = text.plist.xml; path = Info.plist; sourceTree = "<group>"; };
		59D2F7DF20AAF78000C3B2BC /* CustomCell.swift */ = {isa = PBXFileReference; lastKnownFileType = sourcecode.swift; path = CustomCell.swift; sourceTree = "<group>"; };
		662D586EB91FDA88E2C4DB6E /* Pods-noteUITests.debug.xcconfig */ = {isa = PBXFileReference; includeInIndex = 1; lastKnownFileType = text.xcconfig; name = "Pods-noteUITests.debug.xcconfig"; path = "Pods/Target Support Files/Pods-noteUITests/Pods-noteUITests.debug.xcconfig"; sourceTree = "<group>"; };
		764FBF996CAC1002C0C719E9 /* Pods-note.release.xcconfig */ = {isa = PBXFileReference; includeInIndex = 1; lastKnownFileType = text.xcconfig; name = "Pods-note.release.xcconfig"; path = "Pods/Target Support Files/Pods-note/Pods-note.release.xcconfig"; sourceTree = "<group>"; };
		807AE1B3437E7FBAFCB5899A /* Pods_noteUITests.framework */ = {isa = PBXFileReference; explicitFileType = wrapper.framework; includeInIndex = 0; path = Pods_noteUITests.framework; sourceTree = BUILT_PRODUCTS_DIR; };
		9E090E7F99C5B5A0FD570720 /* Pods-note.debug.xcconfig */ = {isa = PBXFileReference; includeInIndex = 1; lastKnownFileType = text.xcconfig; name = "Pods-note.debug.xcconfig"; path = "Pods/Target Support Files/Pods-note/Pods-note.debug.xcconfig"; sourceTree = "<group>"; };
		A546B3591DC9621D0F1770C2 /* Pods-Today.release.xcconfig */ = {isa = PBXFileReference; includeInIndex = 1; lastKnownFileType = text.xcconfig; name = "Pods-Today.release.xcconfig"; path = "Pods/Target Support Files/Pods-Today/Pods-Today.release.xcconfig"; sourceTree = "<group>"; };
		B86F84D047245A5D1B4F4988 /* Pods_note.framework */ = {isa = PBXFileReference; explicitFileType = wrapper.framework; includeInIndex = 0; path = Pods_note.framework; sourceTree = BUILT_PRODUCTS_DIR; };
		C4C816B3BE0F62653A4E5BCD /* Pods-noteTests.release.xcconfig */ = {isa = PBXFileReference; includeInIndex = 1; lastKnownFileType = text.xcconfig; name = "Pods-noteTests.release.xcconfig"; path = "Pods/Target Support Files/Pods-noteTests/Pods-noteTests.release.xcconfig"; sourceTree = "<group>"; };
		C5B431A9B1818301B714EEFB /* Pods-Today.debug.xcconfig */ = {isa = PBXFileReference; includeInIndex = 1; lastKnownFileType = text.xcconfig; name = "Pods-Today.debug.xcconfig"; path = "Pods/Target Support Files/Pods-Today/Pods-Today.debug.xcconfig"; sourceTree = "<group>"; };
		D66751E093D3D0A0524FF4B7 /* Pods_noteTests.framework */ = {isa = PBXFileReference; explicitFileType = wrapper.framework; includeInIndex = 0; path = Pods_noteTests.framework; sourceTree = BUILT_PRODUCTS_DIR; };
		E9CB826B16C2EC7B2D6A5155 /* Pods-noteUITests.release.xcconfig */ = {isa = PBXFileReference; includeInIndex = 1; lastKnownFileType = text.xcconfig; name = "Pods-noteUITests.release.xcconfig"; path = "Pods/Target Support Files/Pods-noteUITests/Pods-noteUITests.release.xcconfig"; sourceTree = "<group>"; };
/* End PBXFileReference section */

/* Begin PBXFrameworksBuildPhase section */
		59A6389620FDBC8E002EBB82 /* Frameworks */ = {
			isa = PBXFrameworksBuildPhase;
			buildActionMask = 2147483647;
			files = (
				59A6389B20FDBC8E002EBB82 /* NotificationCenter.framework in Frameworks */,
				C0477717520EC6880CA1C703 /* Pods_Today.framework in Frameworks */,
			);
			runOnlyForDeploymentPostprocessing = 0;
		};
		59D2F7A520AAE2EB00C3B2BC /* Frameworks */ = {
			isa = PBXFrameworksBuildPhase;
			buildActionMask = 2147483647;
			files = (
				1BA12F4F433E329C22A8D57F /* Pods_note.framework in Frameworks */,
			);
			runOnlyForDeploymentPostprocessing = 0;
		};
		59D2F7B920AAE2EE00C3B2BC /* Frameworks */ = {
			isa = PBXFrameworksBuildPhase;
			buildActionMask = 2147483647;
			files = (
				B853FB3FCD8B7EFD97294E00 /* Pods_noteTests.framework in Frameworks */,
			);
			runOnlyForDeploymentPostprocessing = 0;
		};
		59D2F7C420AAE2EE00C3B2BC /* Frameworks */ = {
			isa = PBXFrameworksBuildPhase;
			buildActionMask = 2147483647;
			files = (
				6A95EFF2A8F8BDB1CF62F569 /* Pods_noteUITests.framework in Frameworks */,
			);
			runOnlyForDeploymentPostprocessing = 0;
		};
/* End PBXFrameworksBuildPhase section */

/* Begin PBXGroup section */
		5906BB8F20B2DCC9000C18C3 /* images */ = {
			isa = PBXGroup;
			children = (
				5914491F211F36840074D728 /* clock.png */,
				5914491D211F2DC80074D728 /* bell.png */,
				59A6388B20EB91E5002EBB82 /* menu.png */,
				594C794620E128FA00D8000E /* icon_blue.png */,
				5911A80020C69754007C13D3 /* penIcon3.png */,
				5906BBA120BB00E3000C18C3 /* cellImg.png */,
				5906BB9B20B2EFC7000C18C3 /* line.png */,
				5906BB9920B2EE0D000C18C3 /* navi.png */,
				5906BB9720B2ECD7000C18C3 /* bg.png */,
				5906BB9520B2ECD0000C18C3 /* cancel.png */,
				590698CD20B11597009F5350 /* button.png */,
				590698D320B1C186009F5350 /* checkMark.png */,
			);
			path = images;
			sourceTree = "<group>";
		};
		5914495D211FE1A50074D728 /* menu */ = {
			isa = PBXGroup;
			children = (
				5914491B211ECBEB0074D728 /* NotificationUIViewController.swift */,
				59144921211FC4B20074D728 /* HelpViewController.swift */,
				593E7DC421201A60005F403B /* ThemeColorViewController.swift */,
			);
			path = menu;
			sourceTree = "<group>";
		};
		59A6389C20FDBC8E002EBB82 /* Today */ = {
			isa = PBXGroup;
			children = (
				59A638AB20FDE253002EBB82 /* Today.entitlements */,
				59A638AC20FDF5DF002EBB82 /* MyModel.swift */,
				59A6389D20FDBC8E002EBB82 /* TodayViewController.swift */,
				59A6389F20FDBC8E002EBB82 /* MainInterface.storyboard */,
				59A638A220FDBC8E002EBB82 /* Info.plist */,
			);
			path = Today;
			sourceTree = "<group>";
		};
		59D2F79F20AAE2EB00C3B2BC = {
			isa = PBXGroup;
			children = (
				59D2F7AA20AAE2EB00C3B2BC /* note */,
				59D2F7BF20AAE2EE00C3B2BC /* noteTests */,
				59D2F7CA20AAE2EE00C3B2BC /* noteUITests */,
				59A6389C20FDBC8E002EBB82 /* Today */,
				59D2F7A920AAE2EB00C3B2BC /* Products */,
				B7F18B24B1250C1B0753E797 /* Pods */,
				7321F8EBAB067C2480321361 /* Frameworks */,
			);
			sourceTree = "<group>";
		};
		59D2F7A920AAE2EB00C3B2BC /* Products */ = {
			isa = PBXGroup;
			children = (
				59D2F7A820AAE2EB00C3B2BC /* note.app */,
				59D2F7BC20AAE2EE00C3B2BC /* noteTests.xctest */,
				59D2F7C720AAE2EE00C3B2BC /* noteUITests.xctest */,
				59A6389920FDBC8E002EBB82 /* Today.appex */,
			);
			name = Products;
			sourceTree = "<group>";
		};
		59D2F7AA20AAE2EB00C3B2BC /* note */ = {
			isa = PBXGroup;
			children = (
				59A638AA20FDE247002EBB82 /* note.entitlements */,
				5906BB8F20B2DCC9000C18C3 /* images */,
				59D2F7AB20AAE2EB00C3B2BC /* AppDelegate.swift */,
				5906BB9D20B42F9B000C18C3 /* realmDataSet.swift */,
				5906BB9F20BAFF46000C18C3 /* TableViewCell.swift */,
				59D2F7DF20AAF78000C3B2BC /* CustomCell.swift */,
				590698D720B1C91A009F5350 /* DrawView.swift */,
				590698CF20B17762009F5350 /* WriteSchedulesViewController.swift */,
				59144919211E8FF90074D728 /* RootTableViewController.swift */,
				59D2F7AD20AAE2EB00C3B2BC /* ViewController.swift */,
				5914495D211FE1A50074D728 /* menu */,
				59D2F7AF20AAE2EB00C3B2BC /* Main.storyboard */,
				59D2F7B220AAE2EE00C3B2BC /* Assets.xcassets */,
				59D2F7B420AAE2EE00C3B2BC /* LaunchScreen.storyboard */,
				59D2F7B720AAE2EE00C3B2BC /* Info.plist */,
				590698C920B06CDA009F5350 /* Dense-Regular.otf */,
				590698C120B05D7D009F5350 /* Inter-UI-Medium.otf */,
			);
			path = note;
			sourceTree = "<group>";
		};
		59D2F7BF20AAE2EE00C3B2BC /* noteTests */ = {
			isa = PBXGroup;
			children = (
				59D2F7C020AAE2EE00C3B2BC /* noteTests.swift */,
				59D2F7C220AAE2EE00C3B2BC /* Info.plist */,
			);
			path = noteTests;
			sourceTree = "<group>";
		};
		59D2F7CA20AAE2EE00C3B2BC /* noteUITests */ = {
			isa = PBXGroup;
			children = (
				59D2F7CB20AAE2EE00C3B2BC /* noteUITests.swift */,
				59D2F7CD20AAE2EE00C3B2BC /* Info.plist */,
			);
			path = noteUITests;
			sourceTree = "<group>";
		};
		7321F8EBAB067C2480321361 /* Frameworks */ = {
			isa = PBXGroup;
			children = (
				B86F84D047245A5D1B4F4988 /* Pods_note.framework */,
				D66751E093D3D0A0524FF4B7 /* Pods_noteTests.framework */,
				807AE1B3437E7FBAFCB5899A /* Pods_noteUITests.framework */,
				59A6389A20FDBC8E002EBB82 /* NotificationCenter.framework */,
				0D006CD81E9D8EC2AF474D5A /* Pods_Today.framework */,
			);
			name = Frameworks;
			sourceTree = "<group>";
		};
		B7F18B24B1250C1B0753E797 /* Pods */ = {
			isa = PBXGroup;
			children = (
				9E090E7F99C5B5A0FD570720 /* Pods-note.debug.xcconfig */,
				764FBF996CAC1002C0C719E9 /* Pods-note.release.xcconfig */,
				09887F5BEC9702F5E60610F5 /* Pods-noteTests.debug.xcconfig */,
				C4C816B3BE0F62653A4E5BCD /* Pods-noteTests.release.xcconfig */,
				662D586EB91FDA88E2C4DB6E /* Pods-noteUITests.debug.xcconfig */,
				E9CB826B16C2EC7B2D6A5155 /* Pods-noteUITests.release.xcconfig */,
				C5B431A9B1818301B714EEFB /* Pods-Today.debug.xcconfig */,
				A546B3591DC9621D0F1770C2 /* Pods-Today.release.xcconfig */,
			);
			name = Pods;
			sourceTree = "<group>";
		};
/* End PBXGroup section */

/* Begin PBXNativeTarget section */
		59A6389820FDBC8E002EBB82 /* Today */ = {
			isa = PBXNativeTarget;
			buildConfigurationList = 59A638A620FDBC8E002EBB82 /* Build configuration list for PBXNativeTarget "Today" */;
			buildPhases = (
				589CA51A9C08D541A7F5B210 /* [CP] Check Pods Manifest.lock */,
				59A6389520FDBC8E002EBB82 /* Sources */,
				59A6389620FDBC8E002EBB82 /* Frameworks */,
				59A6389720FDBC8E002EBB82 /* Resources */,
			);
			buildRules = (
			);
			dependencies = (
			);
			name = Today;
			productName = Today;
			productReference = 59A6389920FDBC8E002EBB82 /* Today.appex */;
			productType = "com.apple.product-type.app-extension";
		};
		59D2F7A720AAE2EB00C3B2BC /* note */ = {
			isa = PBXNativeTarget;
			buildConfigurationList = 59D2F7D020AAE2EE00C3B2BC /* Build configuration list for PBXNativeTarget "note" */;
			buildPhases = (
				3A3C3D90E6D4A6EAB58FE2E0 /* [CP] Check Pods Manifest.lock */,
				59D2F7A420AAE2EB00C3B2BC /* Sources */,
				59D2F7A520AAE2EB00C3B2BC /* Frameworks */,
				59D2F7A620AAE2EB00C3B2BC /* Resources */,
				AB55068BE465BE09AA1FDAF9 /* [CP] Embed Pods Frameworks */,
				59A638A920FDBC8E002EBB82 /* Embed App Extensions */,
			);
			buildRules = (
			);
			dependencies = (
				59A638A420FDBC8E002EBB82 /* PBXTargetDependency */,
			);
			name = note;
			productName = note;
			productReference = 59D2F7A820AAE2EB00C3B2BC /* note.app */;
			productType = "com.apple.product-type.application";
		};
		59D2F7BB20AAE2EE00C3B2BC /* noteTests */ = {
			isa = PBXNativeTarget;
			buildConfigurationList = 59D2F7D320AAE2EE00C3B2BC /* Build configuration list for PBXNativeTarget "noteTests" */;
			buildPhases = (
				BD66EA913123B48C1A6974A3 /* [CP] Check Pods Manifest.lock */,
				59D2F7B820AAE2EE00C3B2BC /* Sources */,
				59D2F7B920AAE2EE00C3B2BC /* Frameworks */,
				59D2F7BA20AAE2EE00C3B2BC /* Resources */,
			);
			buildRules = (
			);
			dependencies = (
				59D2F7BE20AAE2EE00C3B2BC /* PBXTargetDependency */,
			);
			name = noteTests;
			productName = noteTests;
			productReference = 59D2F7BC20AAE2EE00C3B2BC /* noteTests.xctest */;
			productType = "com.apple.product-type.bundle.unit-test";
		};
		59D2F7C620AAE2EE00C3B2BC /* noteUITests */ = {
			isa = PBXNativeTarget;
			buildConfigurationList = 59D2F7D620AAE2EE00C3B2BC /* Build configuration list for PBXNativeTarget "noteUITests" */;
			buildPhases = (
				9B471823D58E40F4265F9D18 /* [CP] Check Pods Manifest.lock */,
				59D2F7C320AAE2EE00C3B2BC /* Sources */,
				59D2F7C420AAE2EE00C3B2BC /* Frameworks */,
				59D2F7C520AAE2EE00C3B2BC /* Resources */,
			);
			buildRules = (
			);
			dependencies = (
				59D2F7C920AAE2EE00C3B2BC /* PBXTargetDependency */,
			);
			name = noteUITests;
			productName = noteUITests;
			productReference = 59D2F7C720AAE2EE00C3B2BC /* noteUITests.xctest */;
			productType = "com.apple.product-type.bundle.ui-testing";
		};
/* End PBXNativeTarget section */

/* Begin PBXProject section */
		59D2F7A020AAE2EB00C3B2BC /* Project object */ = {
			isa = PBXProject;
			attributes = {
				LastSwiftUpdateCheck = 0930;
				LastUpgradeCheck = 0930;
				ORGANIZATIONNAME = "笠原未来";
				TargetAttributes = {
					59A6389820FDBC8E002EBB82 = {
						CreatedOnToolsVersion = 9.3.1;
						SystemCapabilities = {
							com.apple.ApplicationGroups.iOS = {
								enabled = 1;
							};
						};
					};
					59D2F7A720AAE2EB00C3B2BC = {
						CreatedOnToolsVersion = 9.3.1;
						SystemCapabilities = {
							com.apple.ApplicationGroups.iOS = {
								enabled = 1;
							};
						};
					};
					59D2F7BB20AAE2EE00C3B2BC = {
						CreatedOnToolsVersion = 9.3.1;
						TestTargetID = 59D2F7A720AAE2EB00C3B2BC;
					};
					59D2F7C620AAE2EE00C3B2BC = {
						CreatedOnToolsVersion = 9.3.1;
						TestTargetID = 59D2F7A720AAE2EB00C3B2BC;
					};
				};
			};
			buildConfigurationList = 59D2F7A320AAE2EB00C3B2BC /* Build configuration list for PBXProject "note" */;
			compatibilityVersion = "Xcode 9.3";
			developmentRegion = en;
			hasScannedForEncodings = 0;
			knownRegions = (
				en,
				Base,
			);
			mainGroup = 59D2F79F20AAE2EB00C3B2BC;
			productRefGroup = 59D2F7A920AAE2EB00C3B2BC /* Products */;
			projectDirPath = "";
			projectRoot = "";
			targets = (
				59D2F7A720AAE2EB00C3B2BC /* note */,
				59D2F7BB20AAE2EE00C3B2BC /* noteTests */,
				59D2F7C620AAE2EE00C3B2BC /* noteUITests */,
				59A6389820FDBC8E002EBB82 /* Today */,
			);
		};
/* End PBXProject section */

/* Begin PBXResourcesBuildPhase section */
		59A6389720FDBC8E002EBB82 /* Resources */ = {
			isa = PBXResourcesBuildPhase;
			buildActionMask = 2147483647;
			files = (
				59A638A120FDBC8E002EBB82 /* MainInterface.storyboard in Resources */,
			);
			runOnlyForDeploymentPostprocessing = 0;
		};
		59D2F7A620AAE2EB00C3B2BC /* Resources */ = {
			isa = PBXResourcesBuildPhase;
			buildActionMask = 2147483647;
			files = (
				594C794720E128FA00D8000E /* icon_blue.png in Resources */,
				5906BB9820B2ECD8000C18C3 /* bg.png in Resources */,
				59144920211F36840074D728 /* clock.png in Resources */,
				5906BB9A20B2EE0E000C18C3 /* navi.png in Resources */,
				590698CA20B06EDC009F5350 /* Dense-Regular.otf in Resources */,
				5906BBA220BB00E3000C18C3 /* cellImg.png in Resources */,
				590698C220B05F29009F5350 /* Inter-UI-Medium.otf in Resources */,
				5911A80120C69754007C13D3 /* penIcon3.png in Resources */,
				59D2F7B620AAE2EE00C3B2BC /* LaunchScreen.storyboard in Resources */,
				59D2F7B320AAE2EE00C3B2BC /* Assets.xcassets in Resources */,
				5906BB9C20B2EFC7000C18C3 /* line.png in Resources */,
				5914491E211F2DC90074D728 /* bell.png in Resources */,
				590698D420B1C187009F5350 /* checkMark.png in Resources */,
				59A6388C20EB91E6002EBB82 /* menu.png in Resources */,
				5906BB9620B2ECD0000C18C3 /* cancel.png in Resources */,
				590698CE20B11597009F5350 /* button.png in Resources */,
				59D2F7B120AAE2EB00C3B2BC /* Main.storyboard in Resources */,
			);
			runOnlyForDeploymentPostprocessing = 0;
		};
		59D2F7BA20AAE2EE00C3B2BC /* Resources */ = {
			isa = PBXResourcesBuildPhase;
			buildActionMask = 2147483647;
			files = (
			);
			runOnlyForDeploymentPostprocessing = 0;
		};
		59D2F7C520AAE2EE00C3B2BC /* Resources */ = {
			isa = PBXResourcesBuildPhase;
			buildActionMask = 2147483647;
			files = (
			);
			runOnlyForDeploymentPostprocessing = 0;
		};
/* End PBXResourcesBuildPhase section */

/* Begin PBXShellScriptBuildPhase section */
		3A3C3D90E6D4A6EAB58FE2E0 /* [CP] Check Pods Manifest.lock */ = {
			isa = PBXShellScriptBuildPhase;
			buildActionMask = 2147483647;
			files = (
			);
			inputPaths = (
				"${PODS_PODFILE_DIR_PATH}/Podfile.lock",
				"${PODS_ROOT}/Manifest.lock",
			);
			name = "[CP] Check Pods Manifest.lock";
			outputPaths = (
				"$(DERIVED_FILE_DIR)/Pods-note-checkManifestLockResult.txt",
			);
			runOnlyForDeploymentPostprocessing = 0;
			shellPath = /bin/sh;
			shellScript = "diff \"${PODS_PODFILE_DIR_PATH}/Podfile.lock\" \"${PODS_ROOT}/Manifest.lock\" > /dev/null\nif [ $? != 0 ] ; then\n    # print error to STDERR\n    echo \"error: The sandbox is not in sync with the Podfile.lock. Run 'pod install' or update your CocoaPods installation.\" >&2\n    exit 1\nfi\n# This output is used by Xcode 'outputs' to avoid re-running this script phase.\necho \"SUCCESS\" > \"${SCRIPT_OUTPUT_FILE_0}\"\n";
			showEnvVarsInLog = 0;
		};
		589CA51A9C08D541A7F5B210 /* [CP] Check Pods Manifest.lock */ = {
			isa = PBXShellScriptBuildPhase;
			buildActionMask = 2147483647;
			files = (
			);
			inputPaths = (
				"${PODS_PODFILE_DIR_PATH}/Podfile.lock",
				"${PODS_ROOT}/Manifest.lock",
			);
			name = "[CP] Check Pods Manifest.lock";
			outputPaths = (
				"$(DERIVED_FILE_DIR)/Pods-Today-checkManifestLockResult.txt",
			);
			runOnlyForDeploymentPostprocessing = 0;
			shellPath = /bin/sh;
			shellScript = "diff \"${PODS_PODFILE_DIR_PATH}/Podfile.lock\" \"${PODS_ROOT}/Manifest.lock\" > /dev/null\nif [ $? != 0 ] ; then\n    # print error to STDERR\n    echo \"error: The sandbox is not in sync with the Podfile.lock. Run 'pod install' or update your CocoaPods installation.\" >&2\n    exit 1\nfi\n# This output is used by Xcode 'outputs' to avoid re-running this script phase.\necho \"SUCCESS\" > \"${SCRIPT_OUTPUT_FILE_0}\"\n";
			showEnvVarsInLog = 0;
		};
		9B471823D58E40F4265F9D18 /* [CP] Check Pods Manifest.lock */ = {
			isa = PBXShellScriptBuildPhase;
			buildActionMask = 2147483647;
			files = (
			);
			inputPaths = (
				"${PODS_PODFILE_DIR_PATH}/Podfile.lock",
				"${PODS_ROOT}/Manifest.lock",
			);
			name = "[CP] Check Pods Manifest.lock";
			outputPaths = (
				"$(DERIVED_FILE_DIR)/Pods-noteUITests-checkManifestLockResult.txt",
			);
			runOnlyForDeploymentPostprocessing = 0;
			shellPath = /bin/sh;
			shellScript = "diff \"${PODS_PODFILE_DIR_PATH}/Podfile.lock\" \"${PODS_ROOT}/Manifest.lock\" > /dev/null\nif [ $? != 0 ] ; then\n    # print error to STDERR\n    echo \"error: The sandbox is not in sync with the Podfile.lock. Run 'pod install' or update your CocoaPods installation.\" >&2\n    exit 1\nfi\n# This output is used by Xcode 'outputs' to avoid re-running this script phase.\necho \"SUCCESS\" > \"${SCRIPT_OUTPUT_FILE_0}\"\n";
			showEnvVarsInLog = 0;
		};
		AB55068BE465BE09AA1FDAF9 /* [CP] Embed Pods Frameworks */ = {
			isa = PBXShellScriptBuildPhase;
			buildActionMask = 2147483647;
			files = (
			);
			inputPaths = (
				"${SRCROOT}/Pods/Target Support Files/Pods-note/Pods-note-frameworks.sh",
				"${BUILT_PRODUCTS_DIR}/JTAppleCalendar/JTAppleCalendar.framework",
				"${BUILT_PRODUCTS_DIR}/Realm/Realm.framework",
				"${BUILT_PRODUCTS_DIR}/RealmSwift/RealmSwift.framework",
				"${BUILT_PRODUCTS_DIR}/SideMenu/SideMenu.framework",
			);
			name = "[CP] Embed Pods Frameworks";
			outputPaths = (
				"${TARGET_BUILD_DIR}/${FRAMEWORKS_FOLDER_PATH}/JTAppleCalendar.framework",
				"${TARGET_BUILD_DIR}/${FRAMEWORKS_FOLDER_PATH}/Realm.framework",
				"${TARGET_BUILD_DIR}/${FRAMEWORKS_FOLDER_PATH}/RealmSwift.framework",
				"${TARGET_BUILD_DIR}/${FRAMEWORKS_FOLDER_PATH}/SideMenu.framework",
			);
			runOnlyForDeploymentPostprocessing = 0;
			shellPath = /bin/sh;
			shellScript = "\"${SRCROOT}/Pods/Target Support Files/Pods-note/Pods-note-frameworks.sh\"\n";
			showEnvVarsInLog = 0;
		};
		BD66EA913123B48C1A6974A3 /* [CP] Check Pods Manifest.lock */ = {
			isa = PBXShellScriptBuildPhase;
			buildActionMask = 2147483647;
			files = (
			);
			inputPaths = (
				"${PODS_PODFILE_DIR_PATH}/Podfile.lock",
				"${PODS_ROOT}/Manifest.lock",
			);
			name = "[CP] Check Pods Manifest.lock";
			outputPaths = (
				"$(DERIVED_FILE_DIR)/Pods-noteTests-checkManifestLockResult.txt",
			);
			runOnlyForDeploymentPostprocessing = 0;
			shellPath = /bin/sh;
			shellScript = "diff \"${PODS_PODFILE_DIR_PATH}/Podfile.lock\" \"${PODS_ROOT}/Manifest.lock\" > /dev/null\nif [ $? != 0 ] ; then\n    # print error to STDERR\n    echo \"error: The sandbox is not in sync with the Podfile.lock. Run 'pod install' or update your CocoaPods installation.\" >&2\n    exit 1\nfi\n# This output is used by Xcode 'outputs' to avoid re-running this script phase.\necho \"SUCCESS\" > \"${SCRIPT_OUTPUT_FILE_0}\"\n";
			showEnvVarsInLog = 0;
		};
/* End PBXShellScriptBuildPhase section */

/* Begin PBXSourcesBuildPhase section */
		59A6389520FDBC8E002EBB82 /* Sources */ = {
			isa = PBXSourcesBuildPhase;
			buildActionMask = 2147483647;
			files = (
				59A6389E20FDBC8E002EBB82 /* TodayViewController.swift in Sources */,
				59A638AD20FDF5DF002EBB82 /* MyModel.swift in Sources */,
			);
			runOnlyForDeploymentPostprocessing = 0;
		};
		59D2F7A420AAE2EB00C3B2BC /* Sources */ = {
			isa = PBXSourcesBuildPhase;
			buildActionMask = 2147483647;
			files = (
				593E7DC521201A60005F403B /* ThemeColorViewController.swift in Sources */,
				5914491C211ECBEB0074D728 /* NotificationUIViewController.swift in Sources */,
				5906BB9E20B42F9B000C18C3 /* realmDataSet.swift in Sources */,
				59D2F7AE20AAE2EB00C3B2BC /* ViewController.swift in Sources */,
				590698D820B1C91A009F5350 /* DrawView.swift in Sources */,
				5914491A211E8FF90074D728 /* RootTableViewController.swift in Sources */,
				59D2F7E020AAF78000C3B2BC /* CustomCell.swift in Sources */,
				59D2F7AC20AAE2EB00C3B2BC /* AppDelegate.swift in Sources */,
				5906BBA020BAFF46000C18C3 /* TableViewCell.swift in Sources */,
				590698D020B17762009F5350 /* WriteSchedulesViewController.swift in Sources */,
				59144922211FC4B20074D728 /* HelpViewController.swift in Sources */,
			);
			runOnlyForDeploymentPostprocessing = 0;
		};
		59D2F7B820AAE2EE00C3B2BC /* Sources */ = {
			isa = PBXSourcesBuildPhase;
			buildActionMask = 2147483647;
			files = (
				59D2F7C120AAE2EE00C3B2BC /* noteTests.swift in Sources */,
			);
			runOnlyForDeploymentPostprocessing = 0;
		};
		59D2F7C320AAE2EE00C3B2BC /* Sources */ = {
			isa = PBXSourcesBuildPhase;
			buildActionMask = 2147483647;
			files = (
				59D2F7CC20AAE2EE00C3B2BC /* noteUITests.swift in Sources */,
			);
			runOnlyForDeploymentPostprocessing = 0;
		};
/* End PBXSourcesBuildPhase section */

/* Begin PBXTargetDependency section */
		59A638A420FDBC8E002EBB82 /* PBXTargetDependency */ = {
			isa = PBXTargetDependency;
			target = 59A6389820FDBC8E002EBB82 /* Today */;
			targetProxy = 59A638A320FDBC8E002EBB82 /* PBXContainerItemProxy */;
		};
		59D2F7BE20AAE2EE00C3B2BC /* PBXTargetDependency */ = {
			isa = PBXTargetDependency;
			target = 59D2F7A720AAE2EB00C3B2BC /* note */;
			targetProxy = 59D2F7BD20AAE2EE00C3B2BC /* PBXContainerItemProxy */;
		};
		59D2F7C920AAE2EE00C3B2BC /* PBXTargetDependency */ = {
			isa = PBXTargetDependency;
			target = 59D2F7A720AAE2EB00C3B2BC /* note */;
			targetProxy = 59D2F7C820AAE2EE00C3B2BC /* PBXContainerItemProxy */;
		};
/* End PBXTargetDependency section */

/* Begin PBXVariantGroup section */
		59A6389F20FDBC8E002EBB82 /* MainInterface.storyboard */ = {
			isa = PBXVariantGroup;
			children = (
				59A638A020FDBC8E002EBB82 /* Base */,
			);
			name = MainInterface.storyboard;
			sourceTree = "<group>";
		};
		59D2F7AF20AAE2EB00C3B2BC /* Main.storyboard */ = {
			isa = PBXVariantGroup;
			children = (
				59D2F7B020AAE2EB00C3B2BC /* Base */,
			);
			name = Main.storyboard;
			sourceTree = "<group>";
		};
		59D2F7B420AAE2EE00C3B2BC /* LaunchScreen.storyboard */ = {
			isa = PBXVariantGroup;
			children = (
				59D2F7B520AAE2EE00C3B2BC /* Base */,
			);
			name = LaunchScreen.storyboard;
			sourceTree = "<group>";
		};
/* End PBXVariantGroup section */

/* Begin XCBuildConfiguration section */
		59A638A720FDBC8E002EBB82 /* Debug */ = {
			isa = XCBuildConfiguration;
			baseConfigurationReference = C5B431A9B1818301B714EEFB /* Pods-Today.debug.xcconfig */;
			buildSettings = {
				CODE_SIGN_ENTITLEMENTS = Today/Today.entitlements;
				CODE_SIGN_STYLE = Automatic;
				DEVELOPMENT_TEAM = FQ44R4777H;
				INFOPLIST_FILE = Today/Info.plist;
				LD_RUNPATH_SEARCH_PATHS = (
					"$(inherited)",
					"@executable_path/Frameworks",
					"@executable_path/../../Frameworks",
				);
				PRODUCT_BUNDLE_IDENTIFIER = com.litech.note.Today;
				PRODUCT_NAME = "$(TARGET_NAME)";
				SKIP_INSTALL = YES;
				SWIFT_VERSION = 4.0;
				TARGETED_DEVICE_FAMILY = "1,2";
			};
			name = Debug;
		};
		59A638A820FDBC8E002EBB82 /* Release */ = {
			isa = XCBuildConfiguration;
			baseConfigurationReference = A546B3591DC9621D0F1770C2 /* Pods-Today.release.xcconfig */;
			buildSettings = {
				CODE_SIGN_ENTITLEMENTS = Today/Today.entitlements;
				CODE_SIGN_STYLE = Automatic;
				DEVELOPMENT_TEAM = FQ44R4777H;
				INFOPLIST_FILE = Today/Info.plist;
				LD_RUNPATH_SEARCH_PATHS = (
					"$(inherited)",
					"@executable_path/Frameworks",
					"@executable_path/../../Frameworks",
				);
				PRODUCT_BUNDLE_IDENTIFIER = com.litech.note.Today;
				PRODUCT_NAME = "$(TARGET_NAME)";
				SKIP_INSTALL = YES;
				SWIFT_VERSION = 4.0;
				TARGETED_DEVICE_FAMILY = "1,2";
			};
			name = Release;
		};
		59D2F7CE20AAE2EE00C3B2BC /* Debug */ = {
			isa = XCBuildConfiguration;
			buildSettings = {
				ALWAYS_SEARCH_USER_PATHS = NO;
				CLANG_ANALYZER_NONNULL = YES;
				CLANG_ANALYZER_NUMBER_OBJECT_CONVERSION = YES_AGGRESSIVE;
				CLANG_CXX_LANGUAGE_STANDARD = "gnu++14";
				CLANG_CXX_LIBRARY = "libc++";
				CLANG_ENABLE_MODULES = YES;
				CLANG_ENABLE_OBJC_ARC = YES;
				CLANG_ENABLE_OBJC_WEAK = YES;
				CLANG_WARN_BLOCK_CAPTURE_AUTORELEASING = YES;
				CLANG_WARN_BOOL_CONVERSION = YES;
				CLANG_WARN_COMMA = YES;
				CLANG_WARN_CONSTANT_CONVERSION = YES;
				CLANG_WARN_DEPRECATED_OBJC_IMPLEMENTATIONS = YES;
				CLANG_WARN_DIRECT_OBJC_ISA_USAGE = YES_ERROR;
				CLANG_WARN_DOCUMENTATION_COMMENTS = YES;
				CLANG_WARN_EMPTY_BODY = YES;
				CLANG_WARN_ENUM_CONVERSION = YES;
				CLANG_WARN_INFINITE_RECURSION = YES;
				CLANG_WARN_INT_CONVERSION = YES;
				CLANG_WARN_NON_LITERAL_NULL_CONVERSION = YES;
				CLANG_WARN_OBJC_IMPLICIT_RETAIN_SELF = YES;
				CLANG_WARN_OBJC_LITERAL_CONVERSION = YES;
				CLANG_WARN_OBJC_ROOT_CLASS = YES_ERROR;
				CLANG_WARN_RANGE_LOOP_ANALYSIS = YES;
				CLANG_WARN_STRICT_PROTOTYPES = YES;
				CLANG_WARN_SUSPICIOUS_MOVE = YES;
				CLANG_WARN_UNGUARDED_AVAILABILITY = YES_AGGRESSIVE;
				CLANG_WARN_UNREACHABLE_CODE = YES;
				CLANG_WARN__DUPLICATE_METHOD_MATCH = YES;
				CODE_SIGN_IDENTITY = "iPhone Developer";
				COPY_PHASE_STRIP = NO;
				DEBUG_INFORMATION_FORMAT = dwarf;
				ENABLE_STRICT_OBJC_MSGSEND = YES;
				ENABLE_TESTABILITY = YES;
				GCC_C_LANGUAGE_STANDARD = gnu11;
				GCC_DYNAMIC_NO_PIC = NO;
				GCC_NO_COMMON_BLOCKS = YES;
				GCC_OPTIMIZATION_LEVEL = 0;
				GCC_PREPROCESSOR_DEFINITIONS = (
					"DEBUG=1",
					"$(inherited)",
				);
				GCC_WARN_64_TO_32_BIT_CONVERSION = YES;
				GCC_WARN_ABOUT_RETURN_TYPE = YES_ERROR;
				GCC_WARN_UNDECLARED_SELECTOR = YES;
				GCC_WARN_UNINITIALIZED_AUTOS = YES_AGGRESSIVE;
				GCC_WARN_UNUSED_FUNCTION = YES;
				GCC_WARN_UNUSED_VARIABLE = YES;
				IPHONEOS_DEPLOYMENT_TARGET = 11.3;
				MTL_ENABLE_DEBUG_INFO = YES;
				ONLY_ACTIVE_ARCH = YES;
				SDKROOT = iphoneos;
				SWIFT_ACTIVE_COMPILATION_CONDITIONS = DEBUG;
				SWIFT_OPTIMIZATION_LEVEL = "-Onone";
			};
			name = Debug;
		};
		59D2F7CF20AAE2EE00C3B2BC /* Release */ = {
			isa = XCBuildConfiguration;
			buildSettings = {
				ALWAYS_SEARCH_USER_PATHS = NO;
				CLANG_ANALYZER_NONNULL = YES;
				CLANG_ANALYZER_NUMBER_OBJECT_CONVERSION = YES_AGGRESSIVE;
				CLANG_CXX_LANGUAGE_STANDARD = "gnu++14";
				CLANG_CXX_LIBRARY = "libc++";
				CLANG_ENABLE_MODULES = YES;
				CLANG_ENABLE_OBJC_ARC = YES;
				CLANG_ENABLE_OBJC_WEAK = YES;
				CLANG_WARN_BLOCK_CAPTURE_AUTORELEASING = YES;
				CLANG_WARN_BOOL_CONVERSION = YES;
				CLANG_WARN_COMMA = YES;
				CLANG_WARN_CONSTANT_CONVERSION = YES;
				CLANG_WARN_DEPRECATED_OBJC_IMPLEMENTATIONS = YES;
				CLANG_WARN_DIRECT_OBJC_ISA_USAGE = YES_ERROR;
				CLANG_WARN_DOCUMENTATION_COMMENTS = YES;
				CLANG_WARN_EMPTY_BODY = YES;
				CLANG_WARN_ENUM_CONVERSION = YES;
				CLANG_WARN_INFINITE_RECURSION = YES;
				CLANG_WARN_INT_CONVERSION = YES;
				CLANG_WARN_NON_LITERAL_NULL_CONVERSION = YES;
				CLANG_WARN_OBJC_IMPLICIT_RETAIN_SELF = YES;
				CLANG_WARN_OBJC_LITERAL_CONVERSION = YES;
				CLANG_WARN_OBJC_ROOT_CLASS = YES_ERROR;
				CLANG_WARN_RANGE_LOOP_ANALYSIS = YES;
				CLANG_WARN_STRICT_PROTOTYPES = YES;
				CLANG_WARN_SUSPICIOUS_MOVE = YES;
				CLANG_WARN_UNGUARDED_AVAILABILITY = YES_AGGRESSIVE;
				CLANG_WARN_UNREACHABLE_CODE = YES;
				CLANG_WARN__DUPLICATE_METHOD_MATCH = YES;
				CODE_SIGN_IDENTITY = "iPhone Developer";
				COPY_PHASE_STRIP = NO;
				DEBUG_INFORMATION_FORMAT = "dwarf-with-dsym";
				ENABLE_NS_ASSERTIONS = NO;
				ENABLE_STRICT_OBJC_MSGSEND = YES;
				GCC_C_LANGUAGE_STANDARD = gnu11;
				GCC_NO_COMMON_BLOCKS = YES;
				GCC_WARN_64_TO_32_BIT_CONVERSION = YES;
				GCC_WARN_ABOUT_RETURN_TYPE = YES_ERROR;
				GCC_WARN_UNDECLARED_SELECTOR = YES;
				GCC_WARN_UNINITIALIZED_AUTOS = YES_AGGRESSIVE;
				GCC_WARN_UNUSED_FUNCTION = YES;
				GCC_WARN_UNUSED_VARIABLE = YES;
				IPHONEOS_DEPLOYMENT_TARGET = 11.3;
				MTL_ENABLE_DEBUG_INFO = NO;
				SDKROOT = iphoneos;
				SWIFT_COMPILATION_MODE = wholemodule;
				SWIFT_OPTIMIZATION_LEVEL = "-O";
				VALIDATE_PRODUCT = YES;
			};
			name = Release;
		};
		59D2F7D120AAE2EE00C3B2BC /* Debug */ = {
			isa = XCBuildConfiguration;
			baseConfigurationReference = 9E090E7F99C5B5A0FD570720 /* Pods-note.debug.xcconfig */;
			buildSettings = {
				ALWAYS_EMBED_SWIFT_STANDARD_LIBRARIES = YES;
				ASSETCATALOG_COMPILER_APPICON_NAME = AppIcon;
				CODE_SIGN_ENTITLEMENTS = note/note.entitlements;
				CODE_SIGN_STYLE = Automatic;
				DEVELOPMENT_TEAM = FQ44R4777H;
				INFOPLIST_FILE = note/Info.plist;
				LD_RUNPATH_SEARCH_PATHS = (
					"$(inherited)",
					"@executable_path/Frameworks",
				);
				PRODUCT_BUNDLE_IDENTIFIER = com.litech.note;
				PRODUCT_NAME = "$(TARGET_NAME)";
				SWIFT_VERSION = 4.0;
				TARGETED_DEVICE_FAMILY = "1,2";
			};
			name = Debug;
		};
		59D2F7D220AAE2EE00C3B2BC /* Release */ = {
			isa = XCBuildConfiguration;
			baseConfigurationReference = 764FBF996CAC1002C0C719E9 /* Pods-note.release.xcconfig */;
			buildSettings = {
				ALWAYS_EMBED_SWIFT_STANDARD_LIBRARIES = YES;
				ASSETCATALOG_COMPILER_APPICON_NAME = AppIcon;
				CODE_SIGN_ENTITLEMENTS = note/note.entitlements;
				CODE_SIGN_STYLE = Automatic;
				DEVELOPMENT_TEAM = FQ44R4777H;
				INFOPLIST_FILE = note/Info.plist;
				LD_RUNPATH_SEARCH_PATHS = (
					"$(inherited)",
					"@executable_path/Frameworks",
				);
				PRODUCT_BUNDLE_IDENTIFIER = com.litech.note;
				PRODUCT_NAME = "$(TARGET_NAME)";
				SWIFT_VERSION = 4.0;
				TARGETED_DEVICE_FAMILY = "1,2";
			};
			name = Release;
		};
		59D2F7D420AAE2EE00C3B2BC /* Debug */ = {
			isa = XCBuildConfiguration;
			baseConfigurationReference = 09887F5BEC9702F5E60610F5 /* Pods-noteTests.debug.xcconfig */;
			buildSettings = {
				ALWAYS_EMBED_SWIFT_STANDARD_LIBRARIES = YES;
				BUNDLE_LOADER = "$(TEST_HOST)";
				CODE_SIGN_STYLE = Automatic;
				INFOPLIST_FILE = noteTests/Info.plist;
				LD_RUNPATH_SEARCH_PATHS = (
					"$(inherited)",
					"@executable_path/Frameworks",
					"@loader_path/Frameworks",
				);
				PRODUCT_BUNDLE_IDENTIFIER = com.litech.noteTests;
				PRODUCT_NAME = "$(TARGET_NAME)";
				SWIFT_VERSION = 4.0;
				TARGETED_DEVICE_FAMILY = "1,2";
				TEST_HOST = "$(BUILT_PRODUCTS_DIR)/note.app/note";
			};
			name = Debug;
		};
		59D2F7D520AAE2EE00C3B2BC /* Release */ = {
			isa = XCBuildConfiguration;
			baseConfigurationReference = C4C816B3BE0F62653A4E5BCD /* Pods-noteTests.release.xcconfig */;
			buildSettings = {
				ALWAYS_EMBED_SWIFT_STANDARD_LIBRARIES = YES;
				BUNDLE_LOADER = "$(TEST_HOST)";
				CODE_SIGN_STYLE = Automatic;
				INFOPLIST_FILE = noteTests/Info.plist;
				LD_RUNPATH_SEARCH_PATHS = (
					"$(inherited)",
					"@executable_path/Frameworks",
					"@loader_path/Frameworks",
				);
				PRODUCT_BUNDLE_IDENTIFIER = com.litech.noteTests;
				PRODUCT_NAME = "$(TARGET_NAME)";
				SWIFT_VERSION = 4.0;
				TARGETED_DEVICE_FAMILY = "1,2";
				TEST_HOST = "$(BUILT_PRODUCTS_DIR)/note.app/note";
			};
			name = Release;
		};
		59D2F7D720AAE2EE00C3B2BC /* Debug */ = {
			isa = XCBuildConfiguration;
			baseConfigurationReference = 662D586EB91FDA88E2C4DB6E /* Pods-noteUITests.debug.xcconfig */;
			buildSettings = {
				ALWAYS_EMBED_SWIFT_STANDARD_LIBRARIES = YES;
				CODE_SIGN_STYLE = Automatic;
				INFOPLIST_FILE = noteUITests/Info.plist;
				LD_RUNPATH_SEARCH_PATHS = (
					"$(inherited)",
					"@executable_path/Frameworks",
					"@loader_path/Frameworks",
				);
				PRODUCT_BUNDLE_IDENTIFIER = com.litech.noteUITests;
				PRODUCT_NAME = "$(TARGET_NAME)";
				SWIFT_VERSION = 4.0;
				TARGETED_DEVICE_FAMILY = "1,2";
				TEST_TARGET_NAME = note;
			};
			name = Debug;
		};
		59D2F7D820AAE2EE00C3B2BC /* Release */ = {
			isa = XCBuildConfiguration;
			baseConfigurationReference = E9CB826B16C2EC7B2D6A5155 /* Pods-noteUITests.release.xcconfig */;
			buildSettings = {
				ALWAYS_EMBED_SWIFT_STANDARD_LIBRARIES = YES;
				CODE_SIGN_STYLE = Automatic;
				INFOPLIST_FILE = noteUITests/Info.plist;
				LD_RUNPATH_SEARCH_PATHS = (
					"$(inherited)",
					"@executable_path/Frameworks",
					"@loader_path/Frameworks",
				);
				PRODUCT_BUNDLE_IDENTIFIER = com.litech.noteUITests;
				PRODUCT_NAME = "$(TARGET_NAME)";
				SWIFT_VERSION = 4.0;
				TARGETED_DEVICE_FAMILY = "1,2";
				TEST_TARGET_NAME = note;
			};
			name = Release;
		};
/* End XCBuildConfiguration section */

/* Begin XCConfigurationList section */
		59A638A620FDBC8E002EBB82 /* Build configuration list for PBXNativeTarget "Today" */ = {
			isa = XCConfigurationList;
			buildConfigurations = (
				59A638A720FDBC8E002EBB82 /* Debug */,
				59A638A820FDBC8E002EBB82 /* Release */,
			);
			defaultConfigurationIsVisible = 0;
			defaultConfigurationName = Release;
		};
		59D2F7A320AAE2EB00C3B2BC /* Build configuration list for PBXProject "note" */ = {
			isa = XCConfigurationList;
			buildConfigurations = (
				59D2F7CE20AAE2EE00C3B2BC /* Debug */,
				59D2F7CF20AAE2EE00C3B2BC /* Release */,
			);
			defaultConfigurationIsVisible = 0;
			defaultConfigurationName = Release;
		};
		59D2F7D020AAE2EE00C3B2BC /* Build configuration list for PBXNativeTarget "note" */ = {
			isa = XCConfigurationList;
			buildConfigurations = (
				59D2F7D120AAE2EE00C3B2BC /* Debug */,
				59D2F7D220AAE2EE00C3B2BC /* Release */,
			);
			defaultConfigurationIsVisible = 0;
			defaultConfigurationName = Release;
		};
		59D2F7D320AAE2EE00C3B2BC /* Build configuration list for PBXNativeTarget "noteTests" */ = {
			isa = XCConfigurationList;
			buildConfigurations = (
				59D2F7D420AAE2EE00C3B2BC /* Debug */,
				59D2F7D520AAE2EE00C3B2BC /* Release */,
			);
			defaultConfigurationIsVisible = 0;
			defaultConfigurationName = Release;
		};
		59D2F7D620AAE2EE00C3B2BC /* Build configuration list for PBXNativeTarget "noteUITests" */ = {
			isa = XCConfigurationList;
			buildConfigurations = (
				59D2F7D720AAE2EE00C3B2BC /* Debug */,
				59D2F7D820AAE2EE00C3B2BC /* Release */,
			);
			defaultConfigurationIsVisible = 0;
			defaultConfigurationName = Release;
		};
/* End XCConfigurationList section */
	};
	rootObject = 59D2F7A020AAE2EB00C3B2BC /* Project object */;
}
